
Microsoft Visual Studio Solution File, Format Version 12.00
# Visual Studio Version 17
VisualStudioVersion = 17.14.36221.1
MinimumVisualStudioVersion = 10.0.40219.1
Project("{8BC9CEB8-8B4A-11D0-8D11-00A0C91BC942}") = "01_Variable_01", "01_Variable_01\01_Variable_01.vcxproj", "{E8D73141-5D53-476D-9BBE-7618D64D5825}"
EndProject
Project("{8BC9CEB8-8B4A-11D0-8D11-00A0C91BC942}") = "02_DataType_01", "02_DataType_01\02_DataType_01.vcxproj", "{EEA29D1D-1F99-4C60-A7B0-7B2ADCCCEDBF}"
EndProject
Project("{8BC9CEB8-8B4A-11D0-8D11-00A0C91BC942}") = "03_Operator_01", "03_Operator_01\03_Operator_01.vcxproj", "{7636E9C7-88D3-44DE-A479-C4B81AF96844}"
EndProject
Project("{8BC9CEB8-8B4A-11D0-8D11-00A0C91BC942}") = "03_Operator_02", "03_Operator_02\03_Operator_02.vcxproj", "{978F6B4B-FA3A-4EFB-9647-3D4E4B2EBE11}"
EndProject
Project("{8BC9CEB8-8B4A-11D0-8D11-00A0C91BC942}") = "03_Operator_03", "03_Operator_03\03_Operator_03.vcxproj", "{AC3A69BA-F3E9-4F2C-B97F-9DBC09C1B256}"
EndProject
Project("{8BC9CEB8-8B4A-11D0-8D11-00A0C91BC942}") = "03_Operator_04", "03_Operator_04\03_Operator_04.vcxproj", "{620E764E-7F27-4055-B9FB-B6D9BB8EA392}"
EndProject
Project("{8BC9CEB8-8B4A-11D0-8D11-00A0C91BC942}") = "03_Operator_05", "03_Operator_05\03_Operator_05.vcxproj", "{E1EA3B81-9A53-4E90-8102-DB67129F6876}"
EndProject
Project("{8BC9CEB8-8B4A-11D0-8D11-00A0C91BC942}") = "03_Operator_06", "03_Operator_06\03_Operator_06.vcxproj", "{AC71C4EB-315E-4D65-94F4-5208C869F78D}"
EndProject
Project("{8BC9CEB8-8B4A-11D0-8D11-00A0C91BC942}") = "03_Operator_07", "03_Operator_07\03_Operator_07.vcxproj", "{8450D1A5-72CA-4620-AEB7-2A8223C7A547}"
EndProject
Project("{8BC9CEB8-8B4A-11D0-8D11-00A0C91BC942}") = "03_Operator_08", "03_Operator_08\03_Operator_08.vcxproj", "{65F8B2CB-D8D8-4A19-AAEE-A5B92450935B}"
EndProject
Project("{8BC9CEB8-8B4A-11D0-8D11-00A0C91BC942}") = "03_Operator_09", "03_Operator_09\03_Operator_09.vcxproj", "{CCCD1410-6E80-416D-B03E-4630D0A87914}"
EndProject
Project("{8BC9CEB8-8B4A-11D0-8D11-00A0C91BC942}") = "03_Operator_10", "03_Operator_10\03_Operator_10.vcxproj", "{A8138739-8666-4038-B537-4277253B7EDA}"
EndProject
Project("{8BC9CEB8-8B4A-11D0-8D11-00A0C91BC942}") = "03_Operator_11", "03_Operator_11\03_Operator_11.vcxproj", "{87217338-77A5-4ADD-98B2-6D1AC4F8B05F}"
EndProject
Project("{8BC9CEB8-8B4A-11D0-8D11-00A0C91BC942}") = "03_Operator_12", "03_Operator_12\03_Operator_12.vcxproj", "{AEDC47C1-2348-4559-A404-8C8B2282AE68}"
EndProject
Project("{8BC9CEB8-8B4A-11D0-8D11-00A0C91BC942}") = "03_Operator_13", "03_Operator_13\03_Operator_13.vcxproj", "{5F9426AC-FE05-4CCF-9806-AE7506482205}"
EndProject
Project("{8BC9CEB8-8B4A-11D0-8D11-00A0C91BC942}") = "03_Operator_14", "03_Operator_14\03_Operator_14.vcxproj", "{81EE734F-991B-4122-9266-B6EBC50D8233}"
EndProject
Project("{8BC9CEB8-8B4A-11D0-8D11-00A0C91BC942}") = "03_Operator_15", "03_Operator_15\03_Operator_15.vcxproj", "{71D23BE9-2DA2-4119-99ED-264683B9CCCF}"
EndProject
Project("{8BC9CEB8-8B4A-11D0-8D11-00A0C91BC942}") = "03_Operator_16", "03_Operator_16\03_Operator_16.vcxproj", "{2C4BC7CC-FD51-4E1B-AFBB-B403FCAD1101}"
EndProject
Project("{8BC9CEB8-8B4A-11D0-8D11-00A0C91BC942}") = "03_Operator_Task_01", "03_Operator_Task_01\03_Operator_Task_01.vcxproj", "{96A71F5F-A692-4370-B21C-5DA729148BF0}"
EndProject
Project("{8BC9CEB8-8B4A-11D0-8D11-00A0C91BC942}") = "03_Operator_Task_02", "03_Operator_Task_02\03_Operator_Task_02.vcxproj", "{6C95778D-8FC8-4714-91EB-60D69F5CF373}"
EndProject
Project("{8BC9CEB8-8B4A-11D0-8D11-00A0C91BC942}") = "04_Control_Statement_01", "04_Control_Statement_01\04_Control_Statement_01.vcxproj", "{77964BA7-54AE-44A3-A194-E20F16414052}"
EndProject
Project("{8BC9CEB8-8B4A-11D0-8D11-00A0C91BC942}") = "04_Control_Statement_02", "04_Control_Statement_02\04_Control_Statement_02.vcxproj", "{4EC97BEF-21EF-4919-9C01-38929613E5C5}"
EndProject
Project("{8BC9CEB8-8B4A-11D0-8D11-00A0C91BC942}") = "04_Control_Statement_03", "04_Control_Statement_03\04_Control_Statement_03.vcxproj", "{0C9C7EC3-AA71-4FB6-863A-4A399E06E660}"
EndProject
Project("{8BC9CEB8-8B4A-11D0-8D11-00A0C91BC942}") = "04_Control_Statement_04", "04_Control_Statement_04\04_Control_Statement_04.vcxproj", "{2F3CB577-07F8-438B-80A3-BF0A363F79C1}"
EndProject
Project("{8BC9CEB8-8B4A-11D0-8D11-00A0C91BC942}") = "04_Control_Statement_05", "04_Control_Statement_05\04_Control_Statement_05.vcxproj", "{A019C075-DE69-4AEF-8103-95F6BDE93D25}"
EndProject
Project("{8BC9CEB8-8B4A-11D0-8D11-00A0C91BC942}") = "04_Control_Statement_06", "04_Control_Statement_06\04_Control_Statement_06.vcxproj", "{CDFAC2A3-1A08-4A6F-9196-508BC0E1C1D8}"
EndProject
Project("{8BC9CEB8-8B4A-11D0-8D11-00A0C91BC942}") = "04_Control_Statement_07", "04_Control_Statement_07\04_Control_Statement_07.vcxproj", "{E9CFB108-F126-4911-BE09-DED839E337E8}"
EndProject
Project("{8BC9CEB8-8B4A-11D0-8D11-00A0C91BC942}") = "04_Control_Statement_08", "04_Control_Statement_08\04_Control_Statement_08.vcxproj", "{60849ACF-C93F-4413-A120-851B4F84076B}"
EndProject
Project("{8BC9CEB8-8B4A-11D0-8D11-00A0C91BC942}") = "04_Control_Statement_09", "04_Control_Statement_09\04_Control_Statement_09.vcxproj", "{4FBEE9D4-6912-4F15-8B55-F1EDC1C226FB}"
EndProject
Project("{8BC9CEB8-8B4A-11D0-8D11-00A0C91BC942}") = "05_IIterative_Statement_01", "05_IIterative_Statement_01\05_IIterative_Statement_01.vcxproj", "{E21F4C20-8F03-4E88-BB31-3EE687F788B8}"
EndProject
Project("{8BC9CEB8-8B4A-11D0-8D11-00A0C91BC942}") = "05_IIterative_Statement_02", "05_IIterative_Statement_02\05_IIterative_Statement_02.vcxproj", "{DCE63A02-0865-4A79-9292-23ED6D9040F7}"
EndProject
Project("{8BC9CEB8-8B4A-11D0-8D11-00A0C91BC942}") = "05_IIterative_Statement_03", "05_IIterative_Statement_03\05_IIterative_Statement_03.vcxproj", "{6C37B10B-9CE7-4B1B-9C37-21E537F41E08}"
EndProject
Project("{8BC9CEB8-8B4A-11D0-8D11-00A0C91BC942}") = "05_IIterative_Statement_04", "05_IIterative_Statement_04\05_IIterative_Statement_04.vcxproj", "{8C5E1258-E191-4736-987B-BD3E04956888}"
EndProject
Project("{8BC9CEB8-8B4A-11D0-8D11-00A0C91BC942}") = "05_IIterative_Statement_05", "05_IIterative_Statement_05\05_IIterative_Statement_05.vcxproj", "{93EBA0D7-B576-4446-A989-5EAA866E3A09}"
EndProject
Project("{8BC9CEB8-8B4A-11D0-8D11-00A0C91BC942}") = "05_IIterative_Statement_Task_01", "05_IIterative_Statement_Task_01\05_IIterative_Statement_Task_01.vcxproj", "{E7DC1C6C-624F-4304-A741-FFA45F9C02ED}"
EndProject
Project("{8BC9CEB8-8B4A-11D0-8D11-00A0C91BC942}") = "06_Array_01", "06_Array_01\06_Array_01.vcxproj", "{C712B72B-BEB2-4BBF-AF4C-780863F6BBCE}"
EndProject
Project("{8BC9CEB8-8B4A-11D0-8D11-00A0C91BC942}") = "06_Array_02", "06_Array_02\06_Array_02.vcxproj", "{F4D30E93-C26B-489C-832D-820AE184EFA1}"
EndProject
Project("{8BC9CEB8-8B4A-11D0-8D11-00A0C91BC942}") = "06_Array_03", "06_Array_03\06_Array_03.vcxproj", "{DCFD9A20-A23A-4B94-A00A-154A3D34E310}"
EndProject
Project("{8BC9CEB8-8B4A-11D0-8D11-00A0C91BC942}") = "06_Array_04", "06_Array_04\06_Array_04.vcxproj", "{1F061BD9-9CCF-455F-826C-54AFAEB1E7DA}"
EndProject
Project("{8BC9CEB8-8B4A-11D0-8D11-00A0C91BC942}") = "06_Array_05", "06_Array_05\06_Array_05.vcxproj", "{6F8449C0-45D5-4ABA-8864-5292CB174E68}"
EndProject
Project("{8BC9CEB8-8B4A-11D0-8D11-00A0C91BC942}") = "07_Structure_01", "07_Structure_01\07_Structure_01.vcxproj", "{E0B9E6E0-C979-48A2-BB29-E8A1808B5F6D}"
EndProject
Project("{8BC9CEB8-8B4A-11D0-8D11-00A0C91BC942}") = "07_Structure_02", "07_Structure_02\07_Structure_02.vcxproj", "{9BBE5E25-A9FF-444D-B559-F03F0243C689}"
EndProject
Project("{8BC9CEB8-8B4A-11D0-8D11-00A0C91BC942}") = "08_Pointer_01", "08_Pointer_01\08_Pointer_01.vcxproj", "{0229EBD3-F2E4-4170-8125-FEEB37D38F4C}"
EndProject
Project("{8BC9CEB8-8B4A-11D0-8D11-00A0C91BC942}") = "08_Pointer_02", "08_Pointer_02\08_Pointer_02.vcxproj", "{E7C7C3B3-239B-4ED7-B76F-1FA24F0F0E22}"
EndProject
Project("{8BC9CEB8-8B4A-11D0-8D11-00A0C91BC942}") = "08_Pointer_03", "08_Pointer_03\08_Pointer_03.vcxproj", "{710599CA-8A26-4AC3-B3C6-B40947CF9DCB}"
EndProject
Project("{8BC9CEB8-8B4A-11D0-8D11-00A0C91BC942}") = "08_Pointer_04", "08_Pointer_04\08_Pointer_04.vcxproj", "{7036EE4B-5E9E-464E-92B0-2775C69ABC1F}"
EndProject
Project("{8BC9CEB8-8B4A-11D0-8D11-00A0C91BC942}") = "08_Pointer_05", "08_Pointer_05\08_Pointer_05.vcxproj", "{FA320E36-A50F-4197-B8E4-75D382907EB2}"
EndProject
Project("{8BC9CEB8-8B4A-11D0-8D11-00A0C91BC942}") = "08_Pointer_06", "08_Pointer_06\08_Pointer_06.vcxproj", "{31BC62F3-56B9-404D-9479-3F119F00689B}"
EndProject
Project("{8BC9CEB8-8B4A-11D0-8D11-00A0C91BC942}") = "08_Pointer_07", "08_Pointer_07\08_Pointer_07.vcxproj", "{A6F9F262-6E91-49B2-AE6D-9A1497056027}"
EndProject
Project("{8BC9CEB8-8B4A-11D0-8D11-00A0C91BC942}") = "08_Pointer_08", "08_Pointer_08\08_Pointer_08.vcxproj", "{B2E36D05-26CE-4459-867D-177796A01410}"
EndProject
Project("{8BC9CEB8-8B4A-11D0-8D11-00A0C91BC942}") = "09_Function_01", "09_Function_01\09_Function_01.vcxproj", "{E0FFEFEE-0F82-4ED1-B91D-857D6E570357}"
EndProject
Project("{8BC9CEB8-8B4A-11D0-8D11-00A0C91BC942}") = "09_Function_02", "09_Function_02\09_Function_02.vcxproj", "{F0385852-81AE-4678-99AC-6C7519F02E81}"
EndProject
Project("{8BC9CEB8-8B4A-11D0-8D11-00A0C91BC942}") = "09_Function_03", "09_Function_03\09_Function_03.vcxproj", "{A164B1FA-B0A1-4171-995C-28523F21210C}"
EndProject
Project("{8BC9CEB8-8B4A-11D0-8D11-00A0C91BC942}") = "09_Function_06", "09_Function_06\09_Function_06.vcxproj", "{718B621D-5303-41D4-8C7B-47A323D73DE7}"
EndProject
Project("{8BC9CEB8-8B4A-11D0-8D11-00A0C91BC942}") = "09_Function_05", "09_Function_05\09_Function_05.vcxproj", "{21E40781-0F0A-4F3E-9178-C48166D70BF1}"
EndProject
Project("{8BC9CEB8-8B4A-11D0-8D11-00A0C91BC942}") = "09_Function_04", "09_Function_04\09_Function_04.vcxproj", "{98F84591-8D93-40BD-B601-F2AF6C1F549A}"
EndProject
Project("{8BC9CEB8-8B4A-11D0-8D11-00A0C91BC942}") = "10_Variable_01", "10_Variable_01\10_Variable_01.vcxproj", "{8268B3C5-BE3A-4B29-80FB-96248E172FD3}"
EndProject
Project("{8BC9CEB8-8B4A-11D0-8D11-00A0C91BC942}") = "10_Variable_02", "10_Variable_02\10_Variable_02.vcxproj", "{E5EE703B-9994-4912-9EEE-AEC9795AF0A7}"
EndProject
Project("{8BC9CEB8-8B4A-11D0-8D11-00A0C91BC942}") = "10_Variable_03", "10_Variable_03\10_Variable_03.vcxproj", "{7A3A76B0-5711-4155-B177-79D3D02D2264}"
EndProject
Project("{8BC9CEB8-8B4A-11D0-8D11-00A0C91BC942}") = "10_Variable_04", "10_Variable_04\10_Variable_04.vcxproj", "{0172B07B-E501-4094-87E0-7B27F182844C}"
EndProject
Project("{8BC9CEB8-8B4A-11D0-8D11-00A0C91BC942}") = "11_Function_01", "11_Function_01\11_Function_01.vcxproj", "{E44ABF74-7DFB-4145-876A-9B3751C94F1A}"
EndProject
Project("{8BC9CEB8-8B4A-11D0-8D11-00A0C91BC942}") = "11_Function_02", "11_Function_02\11_Function_02.vcxproj", "{4C09F543-85EE-4A3F-B37F-1B36BAD0287E}"
EndProject
Project("{8BC9CEB8-8B4A-11D0-8D11-00A0C91BC942}") = "11_Function_03", "11_Function_03\11_Function_03.vcxproj", "{C53CC242-1FA7-4FD4-A8D2-8E40368649A5}"
EndProject
Project("{8BC9CEB8-8B4A-11D0-8D11-00A0C91BC942}") = "11_Function_Task_01", "11_Function_Task_01\11_Function_Task_01.vcxproj", "{5A264E24-5053-41C7-A628-64F62CF5EB28}"
EndProject
Project("{8BC9CEB8-8B4A-11D0-8D11-00A0C91BC942}") = "12_Structure_01", "12_Structure_01\12_Structure_01.vcxproj", "{55BCEF9E-AABF-4058-BB69-9190F52361B5}"
EndProject
Project("{8BC9CEB8-8B4A-11D0-8D11-00A0C91BC942}") = "13_Main_Function_01", "13_Main_Function_01\13_Main_Function_01.vcxproj", "{01CF161A-331A-4330-A50E-A3C154672B3E}"
EndProject
Project("{8BC9CEB8-8B4A-11D0-8D11-00A0C91BC942}") = "13_Main_Function_02", "13_Main_Function_02\13_Main_Function_02.vcxproj", "{132DA38E-E9C7-409B-8C41-51FAD609808B}"
EndProject
Project("{8BC9CEB8-8B4A-11D0-8D11-00A0C91BC942}") = "13_Main_Function_03", "13_Main_Function_03\13_Main_Function_03.vcxproj", "{85B89490-150C-4406-BDBF-67A7F6C0F8ED}"
EndProject
Project("{8BC9CEB8-8B4A-11D0-8D11-00A0C91BC942}") = "14_Array_01", "14_Array_01\14_Array_01.vcxproj", "{35EFF139-792D-4EF5-9EA6-C1DD6DEA00AB}"
EndProject
Project("{8BC9CEB8-8B4A-11D0-8D11-00A0C91BC942}") = "14_Array_02", "14_Array_02\14_Array_02.vcxproj", "{460C6497-11A5-49A0-96DB-F191088D3BCE}"
EndProject
Project("{8BC9CEB8-8B4A-11D0-8D11-00A0C91BC942}") = "14_Array_03", "14_Array_03\14_Array_03.vcxproj", "{4CA0EEED-2ED4-4910-A099-4DB4A6B68C27}"
EndProject
Project("{8BC9CEB8-8B4A-11D0-8D11-00A0C91BC942}") = "14_Array_04", "14_Array_04\14_Array_04.vcxproj", "{4EF338D8-5F02-4798-BBEA-826338D95D05}"
EndProject
Project("{8BC9CEB8-8B4A-11D0-8D11-00A0C91BC942}") = "15_String_01", "15_String_01\15_String_01.vcxproj", "{4B96326F-AE80-4397-8E6F-B7844C7372EC}"
EndProject
Project("{8BC9CEB8-8B4A-11D0-8D11-00A0C91BC942}") = "15_String_02", "15_String_02\15_String_02.vcxproj", "{5B0866CE-5CA3-4F04-B05F-193F1C692629}"
EndProject
Project("{8BC9CEB8-8B4A-11D0-8D11-00A0C91BC942}") = "15_String_03", "15_String_03\15_String_03.vcxproj", "{4E6ACDB1-BBD8-4C29-B0F0-DDB6B330F7F6}"
EndProject
Project("{8BC9CEB8-8B4A-11D0-8D11-00A0C91BC942}") = "15_String_04", "15_String_04\15_String_04.vcxproj", "{27BBF6A9-4C9F-47FA-99ED-9368FC1ED775}"
EndProject
Project("{8BC9CEB8-8B4A-11D0-8D11-00A0C91BC942}") = "16_Dynamic_Variable_01", "16_Dynamic_Variable_01\16_Dynamic_Variable_01.vcxproj", "{9C5F43C6-2174-4770-9591-299159B6C2C5}"
EndProject
Project("{8BC9CEB8-8B4A-11D0-8D11-00A0C91BC942}") = "16_Dynamic_Variable_02", "16_Dynamic_Variable_02\16_Dynamic_Variable_02.vcxproj", "{C0781ADD-69E8-441C-8FB5-9FD902C4B7B2}"
EndProject
Project("{8BC9CEB8-8B4A-11D0-8D11-00A0C91BC942}") = "16_Dynamic_Variable_03", "16_Dynamic_Variable_03\16_Dynamic_Variable_03.vcxproj", "{DAE32E49-D5F9-4BAA-86C9-6DBED6412460}"
EndProject
Project("{8BC9CEB8-8B4A-11D0-8D11-00A0C91BC942}") = "16_Dynamic_Variable_04", "16_Dynamic_Variable_04\16_Dynamic_Variable_04.vcxproj", "{ACBB1866-7F81-4DB3-9B12-AFF3DD302715}"
EndProject
Project("{8BC9CEB8-8B4A-11D0-8D11-00A0C91BC942}") = "16_Dynamic_Variable_05", "16_Dynamic_Variable_05\16_Dynamic_Variable_05.vcxproj", "{18704FEF-AFA7-4CD0-8D42-309D0C50B6B0}"
EndProject
Project("{8BC9CEB8-8B4A-11D0-8D11-00A0C91BC942}") = "16_Dynamic_Variable_06", "16_Dynamic_Variable_06\16_Dynamic_Variable_06.vcxproj", "{855068B7-9DA8-442B-92E4-D0003A5E6F97}"
EndProject
Project("{8BC9CEB8-8B4A-11D0-8D11-00A0C91BC942}") = "16_Dynamic_Variable_07", "16_Dynamic_Variable_07\16_Dynamic_Variable_07.vcxproj", "{27D826B0-F578-4280-B219-6D55A7E6C573}"
EndProject
Project("{8BC9CEB8-8B4A-11D0-8D11-00A0C91BC942}") = "16_Dynamic_Variable_08", "16_Dynamic_Variable_08\16_Dynamic_Variable_08.vcxproj", "{58DF62A8-E7FC-47B1-9487-E1CC223C8F2E}"
EndProject
Project("{8BC9CEB8-8B4A-11D0-8D11-00A0C91BC942}") = "16_Dynamic_Variable_09", "16_Dynamic_Variable_09\16_Dynamic_Variable_09.vcxproj", "{442DF1AC-5E46-47F2-997A-C9F8BD7FB3C6}"
EndProject
Project("{8BC9CEB8-8B4A-11D0-8D11-00A0C91BC942}") = "17_Pointer_01", "16_Dynamic_Variable_10\16_Dynamic_Variable_10.vcxproj", "{2541A05B-8527-4CF0-94ED-811D5D42B53D}"
EndProject
Project("{8BC9CEB8-8B4A-11D0-8D11-00A0C91BC942}") = "17_Pointer_02", "16_Dynamic_Variable_11\16_Dynamic_Variable_11.vcxproj", "{68207371-458A-4997-A24B-FEEF47432E34}"
EndProject
Project("{8BC9CEB8-8B4A-11D0-8D11-00A0C91BC942}") = "17_Pointer_03", "16_Dynamic_Variable_12\16_Dynamic_Variable_12.vcxproj", "{6FA39591-E7EE-45F6-8FFF-CA422B13FBF4}"
EndProject
Project("{8BC9CEB8-8B4A-11D0-8D11-00A0C91BC942}") = "17_Pointer_04", "16_Dynamic_Variable_13\16_Dynamic_Variable_13.vcxproj", "{427EE84D-ECB8-4060-B216-D030D1403DEA}"
EndProject
Project("{8BC9CEB8-8B4A-11D0-8D11-00A0C91BC942}") = "17_Pointer_05", "17_Pointer_05\17_Pointer_05.vcxproj", "{5BD8ECE5-7FDF-4A9F-9733-2BE5A0EB9B27}"
EndProject
Project("{8BC9CEB8-8B4A-11D0-8D11-00A0C91BC942}") = "18_File_Input_Output_01", "18_File_Input_Output_01\18_File_Input_Output_01.vcxproj", "{E5D2BD9C-E6A5-4280-982D-6952B1B47AA6}"
EndProject
Project("{8BC9CEB8-8B4A-11D0-8D11-00A0C91BC942}") = "18_File_Input_Output_02", "18_File_Input_Output_02\18_File_Input_Output_02.vcxproj", "{4AB58568-D4A6-4176-9F63-03216C12562D}"
EndProject
Project("{8BC9CEB8-8B4A-11D0-8D11-00A0C91BC942}") = "18_File_Input_Output_03", "18_File_Input_Output_03\18_File_Input_Output_03.vcxproj", "{1FDD4E40-3BD0-4AB9-A407-09023B8F0F3F}"
EndProject
Project("{8BC9CEB8-8B4A-11D0-8D11-00A0C91BC942}") = "18_File_Input_Output_04", "18_File_Input_Output_04\18_File_Input_Output_04.vcxproj", "{31EBC795-3381-4498-9E1B-B1C07905F23B}"
EndProject
Global
	GlobalSection(SolutionConfigurationPlatforms) = preSolution
		Debug|x64 = Debug|x64
		Debug|x86 = Debug|x86
		Release|x64 = Release|x64
		Release|x86 = Release|x86
	EndGlobalSection
	GlobalSection(ProjectConfigurationPlatforms) = postSolution
		{E8D73141-5D53-476D-9BBE-7618D64D5825}.Debug|x64.ActiveCfg = Debug|x64
		{E8D73141-5D53-476D-9BBE-7618D64D5825}.Debug|x64.Build.0 = Debug|x64
		{E8D73141-5D53-476D-9BBE-7618D64D5825}.Debug|x86.ActiveCfg = Debug|Win32
		{E8D73141-5D53-476D-9BBE-7618D64D5825}.Debug|x86.Build.0 = Debug|Win32
		{E8D73141-5D53-476D-9BBE-7618D64D5825}.Release|x64.ActiveCfg = Release|x64
		{E8D73141-5D53-476D-9BBE-7618D64D5825}.Release|x64.Build.0 = Release|x64
		{E8D73141-5D53-476D-9BBE-7618D64D5825}.Release|x86.ActiveCfg = Release|Win32
		{E8D73141-5D53-476D-9BBE-7618D64D5825}.Release|x86.Build.0 = Release|Win32
		{EEA29D1D-1F99-4C60-A7B0-7B2ADCCCEDBF}.Debug|x64.ActiveCfg = Debug|x64
		{EEA29D1D-1F99-4C60-A7B0-7B2ADCCCEDBF}.Debug|x64.Build.0 = Debug|x64
		{EEA29D1D-1F99-4C60-A7B0-7B2ADCCCEDBF}.Debug|x86.ActiveCfg = Debug|Win32
		{EEA29D1D-1F99-4C60-A7B0-7B2ADCCCEDBF}.Debug|x86.Build.0 = Debug|Win32
		{EEA29D1D-1F99-4C60-A7B0-7B2ADCCCEDBF}.Release|x64.ActiveCfg = Release|x64
		{EEA29D1D-1F99-4C60-A7B0-7B2ADCCCEDBF}.Release|x64.Build.0 = Release|x64
		{EEA29D1D-1F99-4C60-A7B0-7B2ADCCCEDBF}.Release|x86.ActiveCfg = Release|Win32
		{EEA29D1D-1F99-4C60-A7B0-7B2ADCCCEDBF}.Release|x86.Build.0 = Release|Win32
		{7636E9C7-88D3-44DE-A479-C4B81AF96844}.Debug|x64.ActiveCfg = Debug|x64
		{7636E9C7-88D3-44DE-A479-C4B81AF96844}.Debug|x64.Build.0 = Debug|x64
		{7636E9C7-88D3-44DE-A479-C4B81AF96844}.Debug|x86.ActiveCfg = Debug|Win32
		{7636E9C7-88D3-44DE-A479-C4B81AF96844}.Debug|x86.Build.0 = Debug|Win32
		{7636E9C7-88D3-44DE-A479-C4B81AF96844}.Release|x64.ActiveCfg = Release|x64
		{7636E9C7-88D3-44DE-A479-C4B81AF96844}.Release|x64.Build.0 = Release|x64
		{7636E9C7-88D3-44DE-A479-C4B81AF96844}.Release|x86.ActiveCfg = Release|Win32
		{7636E9C7-88D3-44DE-A479-C4B81AF96844}.Release|x86.Build.0 = Release|Win32
		{978F6B4B-FA3A-4EFB-9647-3D4E4B2EBE11}.Debug|x64.ActiveCfg = Debug|x64
		{978F6B4B-FA3A-4EFB-9647-3D4E4B2EBE11}.Debug|x64.Build.0 = Debug|x64
		{978F6B4B-FA3A-4EFB-9647-3D4E4B2EBE11}.Debug|x86.ActiveCfg = Debug|Win32
		{978F6B4B-FA3A-4EFB-9647-3D4E4B2EBE11}.Debug|x86.Build.0 = Debug|Win32
		{978F6B4B-FA3A-4EFB-9647-3D4E4B2EBE11}.Release|x64.ActiveCfg = Release|x64
		{978F6B4B-FA3A-4EFB-9647-3D4E4B2EBE11}.Release|x64.Build.0 = Release|x64
		{978F6B4B-FA3A-4EFB-9647-3D4E4B2EBE11}.Release|x86.ActiveCfg = Release|Win32
		{978F6B4B-FA3A-4EFB-9647-3D4E4B2EBE11}.Release|x86.Build.0 = Release|Win32
		{AC3A69BA-F3E9-4F2C-B97F-9DBC09C1B256}.Debug|x64.ActiveCfg = Debug|x64
		{AC3A69BA-F3E9-4F2C-B97F-9DBC09C1B256}.Debug|x64.Build.0 = Debug|x64
		{AC3A69BA-F3E9-4F2C-B97F-9DBC09C1B256}.Debug|x86.ActiveCfg = Debug|Win32
		{AC3A69BA-F3E9-4F2C-B97F-9DBC09C1B256}.Debug|x86.Build.0 = Debug|Win32
		{AC3A69BA-F3E9-4F2C-B97F-9DBC09C1B256}.Release|x64.ActiveCfg = Release|x64
		{AC3A69BA-F3E9-4F2C-B97F-9DBC09C1B256}.Release|x64.Build.0 = Release|x64
		{AC3A69BA-F3E9-4F2C-B97F-9DBC09C1B256}.Release|x86.ActiveCfg = Release|Win32
		{AC3A69BA-F3E9-4F2C-B97F-9DBC09C1B256}.Release|x86.Build.0 = Release|Win32
		{620E764E-7F27-4055-B9FB-B6D9BB8EA392}.Debug|x64.ActiveCfg = Debug|x64
		{620E764E-7F27-4055-B9FB-B6D9BB8EA392}.Debug|x64.Build.0 = Debug|x64
		{620E764E-7F27-4055-B9FB-B6D9BB8EA392}.Debug|x86.ActiveCfg = Debug|Win32
		{620E764E-7F27-4055-B9FB-B6D9BB8EA392}.Debug|x86.Build.0 = Debug|Win32
		{620E764E-7F27-4055-B9FB-B6D9BB8EA392}.Release|x64.ActiveCfg = Release|x64
		{620E764E-7F27-4055-B9FB-B6D9BB8EA392}.Release|x64.Build.0 = Release|x64
		{620E764E-7F27-4055-B9FB-B6D9BB8EA392}.Release|x86.ActiveCfg = Release|Win32
		{620E764E-7F27-4055-B9FB-B6D9BB8EA392}.Release|x86.Build.0 = Release|Win32
		{E1EA3B81-9A53-4E90-8102-DB67129F6876}.Debug|x64.ActiveCfg = Debug|x64
		{E1EA3B81-9A53-4E90-8102-DB67129F6876}.Debug|x64.Build.0 = Debug|x64
		{E1EA3B81-9A53-4E90-8102-DB67129F6876}.Debug|x86.ActiveCfg = Debug|Win32
		{E1EA3B81-9A53-4E90-8102-DB67129F6876}.Debug|x86.Build.0 = Debug|Win32
		{E1EA3B81-9A53-4E90-8102-DB67129F6876}.Release|x64.ActiveCfg = Release|x64
		{E1EA3B81-9A53-4E90-8102-DB67129F6876}.Release|x64.Build.0 = Release|x64
		{E1EA3B81-9A53-4E90-8102-DB67129F6876}.Release|x86.ActiveCfg = Release|Win32
		{E1EA3B81-9A53-4E90-8102-DB67129F6876}.Release|x86.Build.0 = Release|Win32
		{AC71C4EB-315E-4D65-94F4-5208C869F78D}.Debug|x64.ActiveCfg = Debug|x64
		{AC71C4EB-315E-4D65-94F4-5208C869F78D}.Debug|x64.Build.0 = Debug|x64
		{AC71C4EB-315E-4D65-94F4-5208C869F78D}.Debug|x86.ActiveCfg = Debug|Win32
		{AC71C4EB-315E-4D65-94F4-5208C869F78D}.Debug|x86.Build.0 = Debug|Win32
		{AC71C4EB-315E-4D65-94F4-5208C869F78D}.Release|x64.ActiveCfg = Release|x64
		{AC71C4EB-315E-4D65-94F4-5208C869F78D}.Release|x64.Build.0 = Release|x64
		{AC71C4EB-315E-4D65-94F4-5208C869F78D}.Release|x86.ActiveCfg = Release|Win32
		{AC71C4EB-315E-4D65-94F4-5208C869F78D}.Release|x86.Build.0 = Release|Win32
		{8450D1A5-72CA-4620-AEB7-2A8223C7A547}.Debug|x64.ActiveCfg = Debug|x64
		{8450D1A5-72CA-4620-AEB7-2A8223C7A547}.Debug|x64.Build.0 = Debug|x64
		{8450D1A5-72CA-4620-AEB7-2A8223C7A547}.Debug|x86.ActiveCfg = Debug|Win32
		{8450D1A5-72CA-4620-AEB7-2A8223C7A547}.Debug|x86.Build.0 = Debug|Win32
		{8450D1A5-72CA-4620-AEB7-2A8223C7A547}.Release|x64.ActiveCfg = Release|x64
		{8450D1A5-72CA-4620-AEB7-2A8223C7A547}.Release|x64.Build.0 = Release|x64
		{8450D1A5-72CA-4620-AEB7-2A8223C7A547}.Release|x86.ActiveCfg = Release|Win32
		{8450D1A5-72CA-4620-AEB7-2A8223C7A547}.Release|x86.Build.0 = Release|Win32
		{65F8B2CB-D8D8-4A19-AAEE-A5B92450935B}.Debug|x64.ActiveCfg = Debug|x64
		{65F8B2CB-D8D8-4A19-AAEE-A5B92450935B}.Debug|x64.Build.0 = Debug|x64
		{65F8B2CB-D8D8-4A19-AAEE-A5B92450935B}.Debug|x86.ActiveCfg = Debug|Win32
		{65F8B2CB-D8D8-4A19-AAEE-A5B92450935B}.Debug|x86.Build.0 = Debug|Win32
		{65F8B2CB-D8D8-4A19-AAEE-A5B92450935B}.Release|x64.ActiveCfg = Release|x64
		{65F8B2CB-D8D8-4A19-AAEE-A5B92450935B}.Release|x64.Build.0 = Release|x64
		{65F8B2CB-D8D8-4A19-AAEE-A5B92450935B}.Release|x86.ActiveCfg = Release|Win32
		{65F8B2CB-D8D8-4A19-AAEE-A5B92450935B}.Release|x86.Build.0 = Release|Win32
		{CCCD1410-6E80-416D-B03E-4630D0A87914}.Debug|x64.ActiveCfg = Debug|x64
		{CCCD1410-6E80-416D-B03E-4630D0A87914}.Debug|x64.Build.0 = Debug|x64
		{CCCD1410-6E80-416D-B03E-4630D0A87914}.Debug|x86.ActiveCfg = Debug|Win32
		{CCCD1410-6E80-416D-B03E-4630D0A87914}.Debug|x86.Build.0 = Debug|Win32
		{CCCD1410-6E80-416D-B03E-4630D0A87914}.Release|x64.ActiveCfg = Release|x64
		{CCCD1410-6E80-416D-B03E-4630D0A87914}.Release|x64.Build.0 = Release|x64
		{CCCD1410-6E80-416D-B03E-4630D0A87914}.Release|x86.ActiveCfg = Release|Win32
		{CCCD1410-6E80-416D-B03E-4630D0A87914}.Release|x86.Build.0 = Release|Win32
		{A8138739-8666-4038-B537-4277253B7EDA}.Debug|x64.ActiveCfg = Debug|x64
		{A8138739-8666-4038-B537-4277253B7EDA}.Debug|x64.Build.0 = Debug|x64
		{A8138739-8666-4038-B537-4277253B7EDA}.Debug|x86.ActiveCfg = Debug|Win32
		{A8138739-8666-4038-B537-4277253B7EDA}.Debug|x86.Build.0 = Debug|Win32
		{A8138739-8666-4038-B537-4277253B7EDA}.Release|x64.ActiveCfg = Release|x64
		{A8138739-8666-4038-B537-4277253B7EDA}.Release|x64.Build.0 = Release|x64
		{A8138739-8666-4038-B537-4277253B7EDA}.Release|x86.ActiveCfg = Release|Win32
		{A8138739-8666-4038-B537-4277253B7EDA}.Release|x86.Build.0 = Release|Win32
		{87217338-77A5-4ADD-98B2-6D1AC4F8B05F}.Debug|x64.ActiveCfg = Debug|x64
		{87217338-77A5-4ADD-98B2-6D1AC4F8B05F}.Debug|x64.Build.0 = Debug|x64
		{87217338-77A5-4ADD-98B2-6D1AC4F8B05F}.Debug|x86.ActiveCfg = Debug|Win32
		{87217338-77A5-4ADD-98B2-6D1AC4F8B05F}.Debug|x86.Build.0 = Debug|Win32
		{87217338-77A5-4ADD-98B2-6D1AC4F8B05F}.Release|x64.ActiveCfg = Release|x64
		{87217338-77A5-4ADD-98B2-6D1AC4F8B05F}.Release|x64.Build.0 = Release|x64
		{87217338-77A5-4ADD-98B2-6D1AC4F8B05F}.Release|x86.ActiveCfg = Release|Win32
		{87217338-77A5-4ADD-98B2-6D1AC4F8B05F}.Release|x86.Build.0 = Release|Win32
		{AEDC47C1-2348-4559-A404-8C8B2282AE68}.Debug|x64.ActiveCfg = Debug|x64
		{AEDC47C1-2348-4559-A404-8C8B2282AE68}.Debug|x64.Build.0 = Debug|x64
		{AEDC47C1-2348-4559-A404-8C8B2282AE68}.Debug|x86.ActiveCfg = Debug|Win32
		{AEDC47C1-2348-4559-A404-8C8B2282AE68}.Debug|x86.Build.0 = Debug|Win32
		{AEDC47C1-2348-4559-A404-8C8B2282AE68}.Release|x64.ActiveCfg = Release|x64
		{AEDC47C1-2348-4559-A404-8C8B2282AE68}.Release|x64.Build.0 = Release|x64
		{AEDC47C1-2348-4559-A404-8C8B2282AE68}.Release|x86.ActiveCfg = Release|Win32
		{AEDC47C1-2348-4559-A404-8C8B2282AE68}.Release|x86.Build.0 = Release|Win32
		{5F9426AC-FE05-4CCF-9806-AE7506482205}.Debug|x64.ActiveCfg = Debug|x64
		{5F9426AC-FE05-4CCF-9806-AE7506482205}.Debug|x64.Build.0 = Debug|x64
		{5F9426AC-FE05-4CCF-9806-AE7506482205}.Debug|x86.ActiveCfg = Debug|Win32
		{5F9426AC-FE05-4CCF-9806-AE7506482205}.Debug|x86.Build.0 = Debug|Win32
		{5F9426AC-FE05-4CCF-9806-AE7506482205}.Release|x64.ActiveCfg = Release|x64
		{5F9426AC-FE05-4CCF-9806-AE7506482205}.Release|x64.Build.0 = Release|x64
		{5F9426AC-FE05-4CCF-9806-AE7506482205}.Release|x86.ActiveCfg = Release|Win32
		{5F9426AC-FE05-4CCF-9806-AE7506482205}.Release|x86.Build.0 = Release|Win32
		{81EE734F-991B-4122-9266-B6EBC50D8233}.Debug|x64.ActiveCfg = Debug|x64
		{81EE734F-991B-4122-9266-B6EBC50D8233}.Debug|x64.Build.0 = Debug|x64
		{81EE734F-991B-4122-9266-B6EBC50D8233}.Debug|x86.ActiveCfg = Debug|Win32
		{81EE734F-991B-4122-9266-B6EBC50D8233}.Debug|x86.Build.0 = Debug|Win32
		{81EE734F-991B-4122-9266-B6EBC50D8233}.Release|x64.ActiveCfg = Release|x64
		{81EE734F-991B-4122-9266-B6EBC50D8233}.Release|x64.Build.0 = Release|x64
		{81EE734F-991B-4122-9266-B6EBC50D8233}.Release|x86.ActiveCfg = Release|Win32
		{81EE734F-991B-4122-9266-B6EBC50D8233}.Release|x86.Build.0 = Release|Win32
		{71D23BE9-2DA2-4119-99ED-264683B9CCCF}.Debug|x64.ActiveCfg = Debug|x64
		{71D23BE9-2DA2-4119-99ED-264683B9CCCF}.Debug|x64.Build.0 = Debug|x64
		{71D23BE9-2DA2-4119-99ED-264683B9CCCF}.Debug|x86.ActiveCfg = Debug|Win32
		{71D23BE9-2DA2-4119-99ED-264683B9CCCF}.Debug|x86.Build.0 = Debug|Win32
		{71D23BE9-2DA2-4119-99ED-264683B9CCCF}.Release|x64.ActiveCfg = Release|x64
		{71D23BE9-2DA2-4119-99ED-264683B9CCCF}.Release|x64.Build.0 = Release|x64
		{71D23BE9-2DA2-4119-99ED-264683B9CCCF}.Release|x86.ActiveCfg = Release|Win32
		{71D23BE9-2DA2-4119-99ED-264683B9CCCF}.Release|x86.Build.0 = Release|Win32
		{2C4BC7CC-FD51-4E1B-AFBB-B403FCAD1101}.Debug|x64.ActiveCfg = Debug|x64
		{2C4BC7CC-FD51-4E1B-AFBB-B403FCAD1101}.Debug|x64.Build.0 = Debug|x64
		{2C4BC7CC-FD51-4E1B-AFBB-B403FCAD1101}.Debug|x86.ActiveCfg = Debug|Win32
		{2C4BC7CC-FD51-4E1B-AFBB-B403FCAD1101}.Debug|x86.Build.0 = Debug|Win32
		{2C4BC7CC-FD51-4E1B-AFBB-B403FCAD1101}.Release|x64.ActiveCfg = Release|x64
		{2C4BC7CC-FD51-4E1B-AFBB-B403FCAD1101}.Release|x64.Build.0 = Release|x64
		{2C4BC7CC-FD51-4E1B-AFBB-B403FCAD1101}.Release|x86.ActiveCfg = Release|Win32
		{2C4BC7CC-FD51-4E1B-AFBB-B403FCAD1101}.Release|x86.Build.0 = Release|Win32
		{96A71F5F-A692-4370-B21C-5DA729148BF0}.Debug|x64.ActiveCfg = Debug|x64
		{96A71F5F-A692-4370-B21C-5DA729148BF0}.Debug|x64.Build.0 = Debug|x64
		{96A71F5F-A692-4370-B21C-5DA729148BF0}.Debug|x86.ActiveCfg = Debug|Win32
		{96A71F5F-A692-4370-B21C-5DA729148BF0}.Debug|x86.Build.0 = Debug|Win32
		{96A71F5F-A692-4370-B21C-5DA729148BF0}.Release|x64.ActiveCfg = Release|x64
		{96A71F5F-A692-4370-B21C-5DA729148BF0}.Release|x64.Build.0 = Release|x64
		{96A71F5F-A692-4370-B21C-5DA729148BF0}.Release|x86.ActiveCfg = Release|Win32
		{96A71F5F-A692-4370-B21C-5DA729148BF0}.Release|x86.Build.0 = Release|Win32
		{6C95778D-8FC8-4714-91EB-60D69F5CF373}.Debug|x64.ActiveCfg = Debug|x64
		{6C95778D-8FC8-4714-91EB-60D69F5CF373}.Debug|x64.Build.0 = Debug|x64
		{6C95778D-8FC8-4714-91EB-60D69F5CF373}.Debug|x86.ActiveCfg = Debug|Win32
		{6C95778D-8FC8-4714-91EB-60D69F5CF373}.Debug|x86.Build.0 = Debug|Win32
		{6C95778D-8FC8-4714-91EB-60D69F5CF373}.Release|x64.ActiveCfg = Release|x64
		{6C95778D-8FC8-4714-91EB-60D69F5CF373}.Release|x64.Build.0 = Release|x64
		{6C95778D-8FC8-4714-91EB-60D69F5CF373}.Release|x86.ActiveCfg = Release|Win32
		{6C95778D-8FC8-4714-91EB-60D69F5CF373}.Release|x86.Build.0 = Release|Win32
		{77964BA7-54AE-44A3-A194-E20F16414052}.Debug|x64.ActiveCfg = Debug|x64
		{77964BA7-54AE-44A3-A194-E20F16414052}.Debug|x64.Build.0 = Debug|x64
		{77964BA7-54AE-44A3-A194-E20F16414052}.Debug|x86.ActiveCfg = Debug|Win32
		{77964BA7-54AE-44A3-A194-E20F16414052}.Debug|x86.Build.0 = Debug|Win32
		{77964BA7-54AE-44A3-A194-E20F16414052}.Release|x64.ActiveCfg = Release|x64
		{77964BA7-54AE-44A3-A194-E20F16414052}.Release|x64.Build.0 = Release|x64
		{77964BA7-54AE-44A3-A194-E20F16414052}.Release|x86.ActiveCfg = Release|Win32
		{77964BA7-54AE-44A3-A194-E20F16414052}.Release|x86.Build.0 = Release|Win32
		{4EC97BEF-21EF-4919-9C01-38929613E5C5}.Debug|x64.ActiveCfg = Debug|x64
		{4EC97BEF-21EF-4919-9C01-38929613E5C5}.Debug|x64.Build.0 = Debug|x64
		{4EC97BEF-21EF-4919-9C01-38929613E5C5}.Debug|x86.ActiveCfg = Debug|Win32
		{4EC97BEF-21EF-4919-9C01-38929613E5C5}.Debug|x86.Build.0 = Debug|Win32
		{4EC97BEF-21EF-4919-9C01-38929613E5C5}.Release|x64.ActiveCfg = Release|x64
		{4EC97BEF-21EF-4919-9C01-38929613E5C5}.Release|x64.Build.0 = Release|x64
		{4EC97BEF-21EF-4919-9C01-38929613E5C5}.Release|x86.ActiveCfg = Release|Win32
		{4EC97BEF-21EF-4919-9C01-38929613E5C5}.Release|x86.Build.0 = Release|Win32
		{0C9C7EC3-AA71-4FB6-863A-4A399E06E660}.Debug|x64.ActiveCfg = Debug|x64
		{0C9C7EC3-AA71-4FB6-863A-4A399E06E660}.Debug|x64.Build.0 = Debug|x64
		{0C9C7EC3-AA71-4FB6-863A-4A399E06E660}.Debug|x86.ActiveCfg = Debug|Win32
		{0C9C7EC3-AA71-4FB6-863A-4A399E06E660}.Debug|x86.Build.0 = Debug|Win32
		{0C9C7EC3-AA71-4FB6-863A-4A399E06E660}.Release|x64.ActiveCfg = Release|x64
		{0C9C7EC3-AA71-4FB6-863A-4A399E06E660}.Release|x64.Build.0 = Release|x64
		{0C9C7EC3-AA71-4FB6-863A-4A399E06E660}.Release|x86.ActiveCfg = Release|Win32
		{0C9C7EC3-AA71-4FB6-863A-4A399E06E660}.Release|x86.Build.0 = Release|Win32
		{2F3CB577-07F8-438B-80A3-BF0A363F79C1}.Debug|x64.ActiveCfg = Debug|x64
		{2F3CB577-07F8-438B-80A3-BF0A363F79C1}.Debug|x64.Build.0 = Debug|x64
		{2F3CB577-07F8-438B-80A3-BF0A363F79C1}.Debug|x86.ActiveCfg = Debug|Win32
		{2F3CB577-07F8-438B-80A3-BF0A363F79C1}.Debug|x86.Build.0 = Debug|Win32
		{2F3CB577-07F8-438B-80A3-BF0A363F79C1}.Release|x64.ActiveCfg = Release|x64
		{2F3CB577-07F8-438B-80A3-BF0A363F79C1}.Release|x64.Build.0 = Release|x64
		{2F3CB577-07F8-438B-80A3-BF0A363F79C1}.Release|x86.ActiveCfg = Release|Win32
		{2F3CB577-07F8-438B-80A3-BF0A363F79C1}.Release|x86.Build.0 = Release|Win32
		{A019C075-DE69-4AEF-8103-95F6BDE93D25}.Debug|x64.ActiveCfg = Debug|x64
		{A019C075-DE69-4AEF-8103-95F6BDE93D25}.Debug|x64.Build.0 = Debug|x64
		{A019C075-DE69-4AEF-8103-95F6BDE93D25}.Debug|x86.ActiveCfg = Debug|Win32
		{A019C075-DE69-4AEF-8103-95F6BDE93D25}.Debug|x86.Build.0 = Debug|Win32
		{A019C075-DE69-4AEF-8103-95F6BDE93D25}.Release|x64.ActiveCfg = Release|x64
		{A019C075-DE69-4AEF-8103-95F6BDE93D25}.Release|x64.Build.0 = Release|x64
		{A019C075-DE69-4AEF-8103-95F6BDE93D25}.Release|x86.ActiveCfg = Release|Win32
		{A019C075-DE69-4AEF-8103-95F6BDE93D25}.Release|x86.Build.0 = Release|Win32
		{CDFAC2A3-1A08-4A6F-9196-508BC0E1C1D8}.Debug|x64.ActiveCfg = Debug|x64
		{CDFAC2A3-1A08-4A6F-9196-508BC0E1C1D8}.Debug|x64.Build.0 = Debug|x64
		{CDFAC2A3-1A08-4A6F-9196-508BC0E1C1D8}.Debug|x86.ActiveCfg = Debug|Win32
		{CDFAC2A3-1A08-4A6F-9196-508BC0E1C1D8}.Debug|x86.Build.0 = Debug|Win32
		{CDFAC2A3-1A08-4A6F-9196-508BC0E1C1D8}.Release|x64.ActiveCfg = Release|x64
		{CDFAC2A3-1A08-4A6F-9196-508BC0E1C1D8}.Release|x64.Build.0 = Release|x64
		{CDFAC2A3-1A08-4A6F-9196-508BC0E1C1D8}.Release|x86.ActiveCfg = Release|Win32
		{CDFAC2A3-1A08-4A6F-9196-508BC0E1C1D8}.Release|x86.Build.0 = Release|Win32
		{E9CFB108-F126-4911-BE09-DED839E337E8}.Debug|x64.ActiveCfg = Debug|x64
		{E9CFB108-F126-4911-BE09-DED839E337E8}.Debug|x64.Build.0 = Debug|x64
		{E9CFB108-F126-4911-BE09-DED839E337E8}.Debug|x86.ActiveCfg = Debug|Win32
		{E9CFB108-F126-4911-BE09-DED839E337E8}.Debug|x86.Build.0 = Debug|Win32
		{E9CFB108-F126-4911-BE09-DED839E337E8}.Release|x64.ActiveCfg = Release|x64
		{E9CFB108-F126-4911-BE09-DED839E337E8}.Release|x64.Build.0 = Release|x64
		{E9CFB108-F126-4911-BE09-DED839E337E8}.Release|x86.ActiveCfg = Release|Win32
		{E9CFB108-F126-4911-BE09-DED839E337E8}.Release|x86.Build.0 = Release|Win32
		{60849ACF-C93F-4413-A120-851B4F84076B}.Debug|x64.ActiveCfg = Debug|x64
		{60849ACF-C93F-4413-A120-851B4F84076B}.Debug|x64.Build.0 = Debug|x64
		{60849ACF-C93F-4413-A120-851B4F84076B}.Debug|x86.ActiveCfg = Debug|Win32
		{60849ACF-C93F-4413-A120-851B4F84076B}.Debug|x86.Build.0 = Debug|Win32
		{60849ACF-C93F-4413-A120-851B4F84076B}.Release|x64.ActiveCfg = Release|x64
		{60849ACF-C93F-4413-A120-851B4F84076B}.Release|x64.Build.0 = Release|x64
		{60849ACF-C93F-4413-A120-851B4F84076B}.Release|x86.ActiveCfg = Release|Win32
		{60849ACF-C93F-4413-A120-851B4F84076B}.Release|x86.Build.0 = Release|Win32
		{4FBEE9D4-6912-4F15-8B55-F1EDC1C226FB}.Debug|x64.ActiveCfg = Debug|x64
		{4FBEE9D4-6912-4F15-8B55-F1EDC1C226FB}.Debug|x64.Build.0 = Debug|x64
		{4FBEE9D4-6912-4F15-8B55-F1EDC1C226FB}.Debug|x86.ActiveCfg = Debug|Win32
		{4FBEE9D4-6912-4F15-8B55-F1EDC1C226FB}.Debug|x86.Build.0 = Debug|Win32
		{4FBEE9D4-6912-4F15-8B55-F1EDC1C226FB}.Release|x64.ActiveCfg = Release|x64
		{4FBEE9D4-6912-4F15-8B55-F1EDC1C226FB}.Release|x64.Build.0 = Release|x64
		{4FBEE9D4-6912-4F15-8B55-F1EDC1C226FB}.Release|x86.ActiveCfg = Release|Win32
		{4FBEE9D4-6912-4F15-8B55-F1EDC1C226FB}.Release|x86.Build.0 = Release|Win32
		{E21F4C20-8F03-4E88-BB31-3EE687F788B8}.Debug|x64.ActiveCfg = Debug|x64
		{E21F4C20-8F03-4E88-BB31-3EE687F788B8}.Debug|x64.Build.0 = Debug|x64
		{E21F4C20-8F03-4E88-BB31-3EE687F788B8}.Debug|x86.ActiveCfg = Debug|Win32
		{E21F4C20-8F03-4E88-BB31-3EE687F788B8}.Debug|x86.Build.0 = Debug|Win32
		{E21F4C20-8F03-4E88-BB31-3EE687F788B8}.Release|x64.ActiveCfg = Release|x64
		{E21F4C20-8F03-4E88-BB31-3EE687F788B8}.Release|x64.Build.0 = Release|x64
		{E21F4C20-8F03-4E88-BB31-3EE687F788B8}.Release|x86.ActiveCfg = Release|Win32
		{E21F4C20-8F03-4E88-BB31-3EE687F788B8}.Release|x86.Build.0 = Release|Win32
		{DCE63A02-0865-4A79-9292-23ED6D9040F7}.Debug|x64.ActiveCfg = Debug|x64
		{DCE63A02-0865-4A79-9292-23ED6D9040F7}.Debug|x64.Build.0 = Debug|x64
		{DCE63A02-0865-4A79-9292-23ED6D9040F7}.Debug|x86.ActiveCfg = Debug|Win32
		{DCE63A02-0865-4A79-9292-23ED6D9040F7}.Debug|x86.Build.0 = Debug|Win32
		{DCE63A02-0865-4A79-9292-23ED6D9040F7}.Release|x64.ActiveCfg = Release|x64
		{DCE63A02-0865-4A79-9292-23ED6D9040F7}.Release|x64.Build.0 = Release|x64
		{DCE63A02-0865-4A79-9292-23ED6D9040F7}.Release|x86.ActiveCfg = Release|Win32
		{DCE63A02-0865-4A79-9292-23ED6D9040F7}.Release|x86.Build.0 = Release|Win32
		{6C37B10B-9CE7-4B1B-9C37-21E537F41E08}.Debug|x64.ActiveCfg = Debug|x64
		{6C37B10B-9CE7-4B1B-9C37-21E537F41E08}.Debug|x64.Build.0 = Debug|x64
		{6C37B10B-9CE7-4B1B-9C37-21E537F41E08}.Debug|x86.ActiveCfg = Debug|Win32
		{6C37B10B-9CE7-4B1B-9C37-21E537F41E08}.Debug|x86.Build.0 = Debug|Win32
		{6C37B10B-9CE7-4B1B-9C37-21E537F41E08}.Release|x64.ActiveCfg = Release|x64
		{6C37B10B-9CE7-4B1B-9C37-21E537F41E08}.Release|x64.Build.0 = Release|x64
		{6C37B10B-9CE7-4B1B-9C37-21E537F41E08}.Release|x86.ActiveCfg = Release|Win32
		{6C37B10B-9CE7-4B1B-9C37-21E537F41E08}.Release|x86.Build.0 = Release|Win32
		{8C5E1258-E191-4736-987B-BD3E04956888}.Debug|x64.ActiveCfg = Debug|x64
		{8C5E1258-E191-4736-987B-BD3E04956888}.Debug|x64.Build.0 = Debug|x64
		{8C5E1258-E191-4736-987B-BD3E04956888}.Debug|x86.ActiveCfg = Debug|Win32
		{8C5E1258-E191-4736-987B-BD3E04956888}.Debug|x86.Build.0 = Debug|Win32
		{8C5E1258-E191-4736-987B-BD3E04956888}.Release|x64.ActiveCfg = Release|x64
		{8C5E1258-E191-4736-987B-BD3E04956888}.Release|x64.Build.0 = Release|x64
		{8C5E1258-E191-4736-987B-BD3E04956888}.Release|x86.ActiveCfg = Release|Win32
		{8C5E1258-E191-4736-987B-BD3E04956888}.Release|x86.Build.0 = Release|Win32
		{93EBA0D7-B576-4446-A989-5EAA866E3A09}.Debug|x64.ActiveCfg = Debug|x64
		{93EBA0D7-B576-4446-A989-5EAA866E3A09}.Debug|x64.Build.0 = Debug|x64
		{93EBA0D7-B576-4446-A989-5EAA866E3A09}.Debug|x86.ActiveCfg = Debug|Win32
		{93EBA0D7-B576-4446-A989-5EAA866E3A09}.Debug|x86.Build.0 = Debug|Win32
		{93EBA0D7-B576-4446-A989-5EAA866E3A09}.Release|x64.ActiveCfg = Release|x64
		{93EBA0D7-B576-4446-A989-5EAA866E3A09}.Release|x64.Build.0 = Release|x64
		{93EBA0D7-B576-4446-A989-5EAA866E3A09}.Release|x86.ActiveCfg = Release|Win32
		{93EBA0D7-B576-4446-A989-5EAA866E3A09}.Release|x86.Build.0 = Release|Win32
		{E7DC1C6C-624F-4304-A741-FFA45F9C02ED}.Debug|x64.ActiveCfg = Debug|x64
		{E7DC1C6C-624F-4304-A741-FFA45F9C02ED}.Debug|x64.Build.0 = Debug|x64
		{E7DC1C6C-624F-4304-A741-FFA45F9C02ED}.Debug|x86.ActiveCfg = Debug|Win32
		{E7DC1C6C-624F-4304-A741-FFA45F9C02ED}.Debug|x86.Build.0 = Debug|Win32
		{E7DC1C6C-624F-4304-A741-FFA45F9C02ED}.Release|x64.ActiveCfg = Release|x64
		{E7DC1C6C-624F-4304-A741-FFA45F9C02ED}.Release|x64.Build.0 = Release|x64
		{E7DC1C6C-624F-4304-A741-FFA45F9C02ED}.Release|x86.ActiveCfg = Release|Win32
		{E7DC1C6C-624F-4304-A741-FFA45F9C02ED}.Release|x86.Build.0 = Release|Win32
		{C712B72B-BEB2-4BBF-AF4C-780863F6BBCE}.Debug|x64.ActiveCfg = Debug|x64
		{C712B72B-BEB2-4BBF-AF4C-780863F6BBCE}.Debug|x64.Build.0 = Debug|x64
		{C712B72B-BEB2-4BBF-AF4C-780863F6BBCE}.Debug|x86.ActiveCfg = Debug|Win32
		{C712B72B-BEB2-4BBF-AF4C-780863F6BBCE}.Debug|x86.Build.0 = Debug|Win32
		{C712B72B-BEB2-4BBF-AF4C-780863F6BBCE}.Release|x64.ActiveCfg = Release|x64
		{C712B72B-BEB2-4BBF-AF4C-780863F6BBCE}.Release|x64.Build.0 = Release|x64
		{C712B72B-BEB2-4BBF-AF4C-780863F6BBCE}.Release|x86.ActiveCfg = Release|Win32
		{C712B72B-BEB2-4BBF-AF4C-780863F6BBCE}.Release|x86.Build.0 = Release|Win32
		{F4D30E93-C26B-489C-832D-820AE184EFA1}.Debug|x64.ActiveCfg = Debug|x64
		{F4D30E93-C26B-489C-832D-820AE184EFA1}.Debug|x64.Build.0 = Debug|x64
		{F4D30E93-C26B-489C-832D-820AE184EFA1}.Debug|x86.ActiveCfg = Debug|Win32
		{F4D30E93-C26B-489C-832D-820AE184EFA1}.Debug|x86.Build.0 = Debug|Win32
		{F4D30E93-C26B-489C-832D-820AE184EFA1}.Release|x64.ActiveCfg = Release|x64
		{F4D30E93-C26B-489C-832D-820AE184EFA1}.Release|x64.Build.0 = Release|x64
		{F4D30E93-C26B-489C-832D-820AE184EFA1}.Release|x86.ActiveCfg = Release|Win32
		{F4D30E93-C26B-489C-832D-820AE184EFA1}.Release|x86.Build.0 = Release|Win32
		{DCFD9A20-A23A-4B94-A00A-154A3D34E310}.Debug|x64.ActiveCfg = Debug|x64
		{DCFD9A20-A23A-4B94-A00A-154A3D34E310}.Debug|x64.Build.0 = Debug|x64
		{DCFD9A20-A23A-4B94-A00A-154A3D34E310}.Debug|x86.ActiveCfg = Debug|Win32
		{DCFD9A20-A23A-4B94-A00A-154A3D34E310}.Debug|x86.Build.0 = Debug|Win32
		{DCFD9A20-A23A-4B94-A00A-154A3D34E310}.Release|x64.ActiveCfg = Release|x64
		{DCFD9A20-A23A-4B94-A00A-154A3D34E310}.Release|x64.Build.0 = Release|x64
		{DCFD9A20-A23A-4B94-A00A-154A3D34E310}.Release|x86.ActiveCfg = Release|Win32
		{DCFD9A20-A23A-4B94-A00A-154A3D34E310}.Release|x86.Build.0 = Release|Win32
		{1F061BD9-9CCF-455F-826C-54AFAEB1E7DA}.Debug|x64.ActiveCfg = Debug|x64
		{1F061BD9-9CCF-455F-826C-54AFAEB1E7DA}.Debug|x64.Build.0 = Debug|x64
		{1F061BD9-9CCF-455F-826C-54AFAEB1E7DA}.Debug|x86.ActiveCfg = Debug|Win32
		{1F061BD9-9CCF-455F-826C-54AFAEB1E7DA}.Debug|x86.Build.0 = Debug|Win32
		{1F061BD9-9CCF-455F-826C-54AFAEB1E7DA}.Release|x64.ActiveCfg = Release|x64
		{1F061BD9-9CCF-455F-826C-54AFAEB1E7DA}.Release|x64.Build.0 = Release|x64
		{1F061BD9-9CCF-455F-826C-54AFAEB1E7DA}.Release|x86.ActiveCfg = Release|Win32
		{1F061BD9-9CCF-455F-826C-54AFAEB1E7DA}.Release|x86.Build.0 = Release|Win32
		{6F8449C0-45D5-4ABA-8864-5292CB174E68}.Debug|x64.ActiveCfg = Debug|x64
		{6F8449C0-45D5-4ABA-8864-5292CB174E68}.Debug|x64.Build.0 = Debug|x64
		{6F8449C0-45D5-4ABA-8864-5292CB174E68}.Debug|x86.ActiveCfg = Debug|Win32
		{6F8449C0-45D5-4ABA-8864-5292CB174E68}.Debug|x86.Build.0 = Debug|Win32
		{6F8449C0-45D5-4ABA-8864-5292CB174E68}.Release|x64.ActiveCfg = Release|x64
		{6F8449C0-45D5-4ABA-8864-5292CB174E68}.Release|x64.Build.0 = Release|x64
		{6F8449C0-45D5-4ABA-8864-5292CB174E68}.Release|x86.ActiveCfg = Release|Win32
		{6F8449C0-45D5-4ABA-8864-5292CB174E68}.Release|x86.Build.0 = Release|Win32
		{E0B9E6E0-C979-48A2-BB29-E8A1808B5F6D}.Debug|x64.ActiveCfg = Debug|x64
		{E0B9E6E0-C979-48A2-BB29-E8A1808B5F6D}.Debug|x64.Build.0 = Debug|x64
		{E0B9E6E0-C979-48A2-BB29-E8A1808B5F6D}.Debug|x86.ActiveCfg = Debug|Win32
		{E0B9E6E0-C979-48A2-BB29-E8A1808B5F6D}.Debug|x86.Build.0 = Debug|Win32
		{E0B9E6E0-C979-48A2-BB29-E8A1808B5F6D}.Release|x64.ActiveCfg = Release|x64
		{E0B9E6E0-C979-48A2-BB29-E8A1808B5F6D}.Release|x64.Build.0 = Release|x64
		{E0B9E6E0-C979-48A2-BB29-E8A1808B5F6D}.Release|x86.ActiveCfg = Release|Win32
		{E0B9E6E0-C979-48A2-BB29-E8A1808B5F6D}.Release|x86.Build.0 = Release|Win32
		{9BBE5E25-A9FF-444D-B559-F03F0243C689}.Debug|x64.ActiveCfg = Debug|x64
		{9BBE5E25-A9FF-444D-B559-F03F0243C689}.Debug|x64.Build.0 = Debug|x64
		{9BBE5E25-A9FF-444D-B559-F03F0243C689}.Debug|x86.ActiveCfg = Debug|Win32
		{9BBE5E25-A9FF-444D-B559-F03F0243C689}.Debug|x86.Build.0 = Debug|Win32
		{9BBE5E25-A9FF-444D-B559-F03F0243C689}.Release|x64.ActiveCfg = Release|x64
		{9BBE5E25-A9FF-444D-B559-F03F0243C689}.Release|x64.Build.0 = Release|x64
		{9BBE5E25-A9FF-444D-B559-F03F0243C689}.Release|x86.ActiveCfg = Release|Win32
		{9BBE5E25-A9FF-444D-B559-F03F0243C689}.Release|x86.Build.0 = Release|Win32
		{0229EBD3-F2E4-4170-8125-FEEB37D38F4C}.Debug|x64.ActiveCfg = Debug|x64
		{0229EBD3-F2E4-4170-8125-FEEB37D38F4C}.Debug|x64.Build.0 = Debug|x64
		{0229EBD3-F2E4-4170-8125-FEEB37D38F4C}.Debug|x86.ActiveCfg = Debug|Win32
		{0229EBD3-F2E4-4170-8125-FEEB37D38F4C}.Debug|x86.Build.0 = Debug|Win32
		{0229EBD3-F2E4-4170-8125-FEEB37D38F4C}.Release|x64.ActiveCfg = Release|x64
		{0229EBD3-F2E4-4170-8125-FEEB37D38F4C}.Release|x64.Build.0 = Release|x64
		{0229EBD3-F2E4-4170-8125-FEEB37D38F4C}.Release|x86.ActiveCfg = Release|Win32
		{0229EBD3-F2E4-4170-8125-FEEB37D38F4C}.Release|x86.Build.0 = Release|Win32
		{E7C7C3B3-239B-4ED7-B76F-1FA24F0F0E22}.Debug|x64.ActiveCfg = Debug|x64
		{E7C7C3B3-239B-4ED7-B76F-1FA24F0F0E22}.Debug|x64.Build.0 = Debug|x64
		{E7C7C3B3-239B-4ED7-B76F-1FA24F0F0E22}.Debug|x86.ActiveCfg = Debug|Win32
		{E7C7C3B3-239B-4ED7-B76F-1FA24F0F0E22}.Debug|x86.Build.0 = Debug|Win32
		{E7C7C3B3-239B-4ED7-B76F-1FA24F0F0E22}.Release|x64.ActiveCfg = Release|x64
		{E7C7C3B3-239B-4ED7-B76F-1FA24F0F0E22}.Release|x64.Build.0 = Release|x64
		{E7C7C3B3-239B-4ED7-B76F-1FA24F0F0E22}.Release|x86.ActiveCfg = Release|Win32
		{E7C7C3B3-239B-4ED7-B76F-1FA24F0F0E22}.Release|x86.Build.0 = Release|Win32
		{710599CA-8A26-4AC3-B3C6-B40947CF9DCB}.Debug|x64.ActiveCfg = Debug|x64
		{710599CA-8A26-4AC3-B3C6-B40947CF9DCB}.Debug|x64.Build.0 = Debug|x64
		{710599CA-8A26-4AC3-B3C6-B40947CF9DCB}.Debug|x86.ActiveCfg = Debug|Win32
		{710599CA-8A26-4AC3-B3C6-B40947CF9DCB}.Debug|x86.Build.0 = Debug|Win32
		{710599CA-8A26-4AC3-B3C6-B40947CF9DCB}.Release|x64.ActiveCfg = Release|x64
		{710599CA-8A26-4AC3-B3C6-B40947CF9DCB}.Release|x64.Build.0 = Release|x64
		{710599CA-8A26-4AC3-B3C6-B40947CF9DCB}.Release|x86.ActiveCfg = Release|Win32
		{710599CA-8A26-4AC3-B3C6-B40947CF9DCB}.Release|x86.Build.0 = Release|Win32
		{7036EE4B-5E9E-464E-92B0-2775C69ABC1F}.Debug|x64.ActiveCfg = Debug|x64
		{7036EE4B-5E9E-464E-92B0-2775C69ABC1F}.Debug|x64.Build.0 = Debug|x64
		{7036EE4B-5E9E-464E-92B0-2775C69ABC1F}.Debug|x86.ActiveCfg = Debug|Win32
		{7036EE4B-5E9E-464E-92B0-2775C69ABC1F}.Debug|x86.Build.0 = Debug|Win32
		{7036EE4B-5E9E-464E-92B0-2775C69ABC1F}.Release|x64.ActiveCfg = Release|x64
		{7036EE4B-5E9E-464E-92B0-2775C69ABC1F}.Release|x64.Build.0 = Release|x64
		{7036EE4B-5E9E-464E-92B0-2775C69ABC1F}.Release|x86.ActiveCfg = Release|Win32
		{7036EE4B-5E9E-464E-92B0-2775C69ABC1F}.Release|x86.Build.0 = Release|Win32
		{FA320E36-A50F-4197-B8E4-75D382907EB2}.Debug|x64.ActiveCfg = Debug|x64
		{FA320E36-A50F-4197-B8E4-75D382907EB2}.Debug|x64.Build.0 = Debug|x64
		{FA320E36-A50F-4197-B8E4-75D382907EB2}.Debug|x86.ActiveCfg = Debug|Win32
		{FA320E36-A50F-4197-B8E4-75D382907EB2}.Debug|x86.Build.0 = Debug|Win32
		{FA320E36-A50F-4197-B8E4-75D382907EB2}.Release|x64.ActiveCfg = Release|x64
		{FA320E36-A50F-4197-B8E4-75D382907EB2}.Release|x64.Build.0 = Release|x64
		{FA320E36-A50F-4197-B8E4-75D382907EB2}.Release|x86.ActiveCfg = Release|Win32
		{FA320E36-A50F-4197-B8E4-75D382907EB2}.Release|x86.Build.0 = Release|Win32
		{31BC62F3-56B9-404D-9479-3F119F00689B}.Debug|x64.ActiveCfg = Debug|x64
		{31BC62F3-56B9-404D-9479-3F119F00689B}.Debug|x64.Build.0 = Debug|x64
		{31BC62F3-56B9-404D-9479-3F119F00689B}.Debug|x86.ActiveCfg = Debug|Win32
		{31BC62F3-56B9-404D-9479-3F119F00689B}.Debug|x86.Build.0 = Debug|Win32
		{31BC62F3-56B9-404D-9479-3F119F00689B}.Release|x64.ActiveCfg = Release|x64
		{31BC62F3-56B9-404D-9479-3F119F00689B}.Release|x64.Build.0 = Release|x64
		{31BC62F3-56B9-404D-9479-3F119F00689B}.Release|x86.ActiveCfg = Release|Win32
		{31BC62F3-56B9-404D-9479-3F119F00689B}.Release|x86.Build.0 = Release|Win32
		{A6F9F262-6E91-49B2-AE6D-9A1497056027}.Debug|x64.ActiveCfg = Debug|x64
		{A6F9F262-6E91-49B2-AE6D-9A1497056027}.Debug|x64.Build.0 = Debug|x64
		{A6F9F262-6E91-49B2-AE6D-9A1497056027}.Debug|x86.ActiveCfg = Debug|Win32
		{A6F9F262-6E91-49B2-AE6D-9A1497056027}.Debug|x86.Build.0 = Debug|Win32
		{A6F9F262-6E91-49B2-AE6D-9A1497056027}.Release|x64.ActiveCfg = Release|x64
		{A6F9F262-6E91-49B2-AE6D-9A1497056027}.Release|x64.Build.0 = Release|x64
		{A6F9F262-6E91-49B2-AE6D-9A1497056027}.Release|x86.ActiveCfg = Release|Win32
		{A6F9F262-6E91-49B2-AE6D-9A1497056027}.Release|x86.Build.0 = Release|Win32
		{B2E36D05-26CE-4459-867D-177796A01410}.Debug|x64.ActiveCfg = Debug|x64
		{B2E36D05-26CE-4459-867D-177796A01410}.Debug|x64.Build.0 = Debug|x64
		{B2E36D05-26CE-4459-867D-177796A01410}.Debug|x86.ActiveCfg = Debug|Win32
		{B2E36D05-26CE-4459-867D-177796A01410}.Debug|x86.Build.0 = Debug|Win32
		{B2E36D05-26CE-4459-867D-177796A01410}.Release|x64.ActiveCfg = Release|x64
		{B2E36D05-26CE-4459-867D-177796A01410}.Release|x64.Build.0 = Release|x64
		{B2E36D05-26CE-4459-867D-177796A01410}.Release|x86.ActiveCfg = Release|Win32
		{B2E36D05-26CE-4459-867D-177796A01410}.Release|x86.Build.0 = Release|Win32
		{E0FFEFEE-0F82-4ED1-B91D-857D6E570357}.Debug|x64.ActiveCfg = Debug|x64
		{E0FFEFEE-0F82-4ED1-B91D-857D6E570357}.Debug|x64.Build.0 = Debug|x64
		{E0FFEFEE-0F82-4ED1-B91D-857D6E570357}.Debug|x86.ActiveCfg = Debug|Win32
		{E0FFEFEE-0F82-4ED1-B91D-857D6E570357}.Debug|x86.Build.0 = Debug|Win32
		{E0FFEFEE-0F82-4ED1-B91D-857D6E570357}.Release|x64.ActiveCfg = Release|x64
		{E0FFEFEE-0F82-4ED1-B91D-857D6E570357}.Release|x64.Build.0 = Release|x64
		{E0FFEFEE-0F82-4ED1-B91D-857D6E570357}.Release|x86.ActiveCfg = Release|Win32
		{E0FFEFEE-0F82-4ED1-B91D-857D6E570357}.Release|x86.Build.0 = Release|Win32
		{F0385852-81AE-4678-99AC-6C7519F02E81}.Debug|x64.ActiveCfg = Debug|x64
		{F0385852-81AE-4678-99AC-6C7519F02E81}.Debug|x64.Build.0 = Debug|x64
		{F0385852-81AE-4678-99AC-6C7519F02E81}.Debug|x86.ActiveCfg = Debug|Win32
		{F0385852-81AE-4678-99AC-6C7519F02E81}.Debug|x86.Build.0 = Debug|Win32
		{F0385852-81AE-4678-99AC-6C7519F02E81}.Release|x64.ActiveCfg = Release|x64
		{F0385852-81AE-4678-99AC-6C7519F02E81}.Release|x64.Build.0 = Release|x64
		{F0385852-81AE-4678-99AC-6C7519F02E81}.Release|x86.ActiveCfg = Release|Win32
		{F0385852-81AE-4678-99AC-6C7519F02E81}.Release|x86.Build.0 = Release|Win32
		{A164B1FA-B0A1-4171-995C-28523F21210C}.Debug|x64.ActiveCfg = Debug|x64
		{A164B1FA-B0A1-4171-995C-28523F21210C}.Debug|x64.Build.0 = Debug|x64
		{A164B1FA-B0A1-4171-995C-28523F21210C}.Debug|x86.ActiveCfg = Debug|Win32
		{A164B1FA-B0A1-4171-995C-28523F21210C}.Debug|x86.Build.0 = Debug|Win32
		{A164B1FA-B0A1-4171-995C-28523F21210C}.Release|x64.ActiveCfg = Release|x64
		{A164B1FA-B0A1-4171-995C-28523F21210C}.Release|x64.Build.0 = Release|x64
		{A164B1FA-B0A1-4171-995C-28523F21210C}.Release|x86.ActiveCfg = Release|Win32
		{A164B1FA-B0A1-4171-995C-28523F21210C}.Release|x86.Build.0 = Release|Win32
		{718B621D-5303-41D4-8C7B-47A323D73DE7}.Debug|x64.ActiveCfg = Debug|x64
		{718B621D-5303-41D4-8C7B-47A323D73DE7}.Debug|x64.Build.0 = Debug|x64
		{718B621D-5303-41D4-8C7B-47A323D73DE7}.Debug|x86.ActiveCfg = Debug|Win32
		{718B621D-5303-41D4-8C7B-47A323D73DE7}.Debug|x86.Build.0 = Debug|Win32
		{718B621D-5303-41D4-8C7B-47A323D73DE7}.Release|x64.ActiveCfg = Release|x64
		{718B621D-5303-41D4-8C7B-47A323D73DE7}.Release|x64.Build.0 = Release|x64
		{718B621D-5303-41D4-8C7B-47A323D73DE7}.Release|x86.ActiveCfg = Release|Win32
		{718B621D-5303-41D4-8C7B-47A323D73DE7}.Release|x86.Build.0 = Release|Win32
		{21E40781-0F0A-4F3E-9178-C48166D70BF1}.Debug|x64.ActiveCfg = Debug|x64
		{21E40781-0F0A-4F3E-9178-C48166D70BF1}.Debug|x64.Build.0 = Debug|x64
		{21E40781-0F0A-4F3E-9178-C48166D70BF1}.Debug|x86.ActiveCfg = Debug|Win32
		{21E40781-0F0A-4F3E-9178-C48166D70BF1}.Debug|x86.Build.0 = Debug|Win32
		{21E40781-0F0A-4F3E-9178-C48166D70BF1}.Release|x64.ActiveCfg = Release|x64
		{21E40781-0F0A-4F3E-9178-C48166D70BF1}.Release|x64.Build.0 = Release|x64
		{21E40781-0F0A-4F3E-9178-C48166D70BF1}.Release|x86.ActiveCfg = Release|Win32
		{21E40781-0F0A-4F3E-9178-C48166D70BF1}.Release|x86.Build.0 = Release|Win32
		{98F84591-8D93-40BD-B601-F2AF6C1F549A}.Debug|x64.ActiveCfg = Debug|x64
		{98F84591-8D93-40BD-B601-F2AF6C1F549A}.Debug|x64.Build.0 = Debug|x64
		{98F84591-8D93-40BD-B601-F2AF6C1F549A}.Debug|x86.ActiveCfg = Debug|Win32
		{98F84591-8D93-40BD-B601-F2AF6C1F549A}.Debug|x86.Build.0 = Debug|Win32
		{98F84591-8D93-40BD-B601-F2AF6C1F549A}.Release|x64.ActiveCfg = Release|x64
		{98F84591-8D93-40BD-B601-F2AF6C1F549A}.Release|x64.Build.0 = Release|x64
		{98F84591-8D93-40BD-B601-F2AF6C1F549A}.Release|x86.ActiveCfg = Release|Win32
		{98F84591-8D93-40BD-B601-F2AF6C1F549A}.Release|x86.Build.0 = Release|Win32
		{8268B3C5-BE3A-4B29-80FB-96248E172FD3}.Debug|x64.ActiveCfg = Debug|x64
		{8268B3C5-BE3A-4B29-80FB-96248E172FD3}.Debug|x64.Build.0 = Debug|x64
		{8268B3C5-BE3A-4B29-80FB-96248E172FD3}.Debug|x86.ActiveCfg = Debug|Win32
		{8268B3C5-BE3A-4B29-80FB-96248E172FD3}.Debug|x86.Build.0 = Debug|Win32
		{8268B3C5-BE3A-4B29-80FB-96248E172FD3}.Release|x64.ActiveCfg = Release|x64
		{8268B3C5-BE3A-4B29-80FB-96248E172FD3}.Release|x64.Build.0 = Release|x64
		{8268B3C5-BE3A-4B29-80FB-96248E172FD3}.Release|x86.ActiveCfg = Release|Win32
		{8268B3C5-BE3A-4B29-80FB-96248E172FD3}.Release|x86.Build.0 = Release|Win32
		{E5EE703B-9994-4912-9EEE-AEC9795AF0A7}.Debug|x64.ActiveCfg = Debug|x64
		{E5EE703B-9994-4912-9EEE-AEC9795AF0A7}.Debug|x64.Build.0 = Debug|x64
		{E5EE703B-9994-4912-9EEE-AEC9795AF0A7}.Debug|x86.ActiveCfg = Debug|Win32
		{E5EE703B-9994-4912-9EEE-AEC9795AF0A7}.Debug|x86.Build.0 = Debug|Win32
		{E5EE703B-9994-4912-9EEE-AEC9795AF0A7}.Release|x64.ActiveCfg = Release|x64
		{E5EE703B-9994-4912-9EEE-AEC9795AF0A7}.Release|x64.Build.0 = Release|x64
		{E5EE703B-9994-4912-9EEE-AEC9795AF0A7}.Release|x86.ActiveCfg = Release|Win32
		{E5EE703B-9994-4912-9EEE-AEC9795AF0A7}.Release|x86.Build.0 = Release|Win32
		{7A3A76B0-5711-4155-B177-79D3D02D2264}.Debug|x64.ActiveCfg = Debug|x64
		{7A3A76B0-5711-4155-B177-79D3D02D2264}.Debug|x64.Build.0 = Debug|x64
		{7A3A76B0-5711-4155-B177-79D3D02D2264}.Debug|x86.ActiveCfg = Debug|Win32
		{7A3A76B0-5711-4155-B177-79D3D02D2264}.Debug|x86.Build.0 = Debug|Win32
		{7A3A76B0-5711-4155-B177-79D3D02D2264}.Release|x64.ActiveCfg = Release|x64
		{7A3A76B0-5711-4155-B177-79D3D02D2264}.Release|x64.Build.0 = Release|x64
		{7A3A76B0-5711-4155-B177-79D3D02D2264}.Release|x86.ActiveCfg = Release|Win32
		{7A3A76B0-5711-4155-B177-79D3D02D2264}.Release|x86.Build.0 = Release|Win32
		{0172B07B-E501-4094-87E0-7B27F182844C}.Debug|x64.ActiveCfg = Debug|x64
		{0172B07B-E501-4094-87E0-7B27F182844C}.Debug|x64.Build.0 = Debug|x64
		{0172B07B-E501-4094-87E0-7B27F182844C}.Debug|x86.ActiveCfg = Debug|Win32
		{0172B07B-E501-4094-87E0-7B27F182844C}.Debug|x86.Build.0 = Debug|Win32
		{0172B07B-E501-4094-87E0-7B27F182844C}.Release|x64.ActiveCfg = Release|x64
		{0172B07B-E501-4094-87E0-7B27F182844C}.Release|x64.Build.0 = Release|x64
		{0172B07B-E501-4094-87E0-7B27F182844C}.Release|x86.ActiveCfg = Release|Win32
		{0172B07B-E501-4094-87E0-7B27F182844C}.Release|x86.Build.0 = Release|Win32
		{E44ABF74-7DFB-4145-876A-9B3751C94F1A}.Debug|x64.ActiveCfg = Debug|x64
		{E44ABF74-7DFB-4145-876A-9B3751C94F1A}.Debug|x64.Build.0 = Debug|x64
		{E44ABF74-7DFB-4145-876A-9B3751C94F1A}.Debug|x86.ActiveCfg = Debug|Win32
		{E44ABF74-7DFB-4145-876A-9B3751C94F1A}.Debug|x86.Build.0 = Debug|Win32
		{E44ABF74-7DFB-4145-876A-9B3751C94F1A}.Release|x64.ActiveCfg = Release|x64
		{E44ABF74-7DFB-4145-876A-9B3751C94F1A}.Release|x64.Build.0 = Release|x64
		{E44ABF74-7DFB-4145-876A-9B3751C94F1A}.Release|x86.ActiveCfg = Release|Win32
		{E44ABF74-7DFB-4145-876A-9B3751C94F1A}.Release|x86.Build.0 = Release|Win32
		{4C09F543-85EE-4A3F-B37F-1B36BAD0287E}.Debug|x64.ActiveCfg = Debug|x64
		{4C09F543-85EE-4A3F-B37F-1B36BAD0287E}.Debug|x64.Build.0 = Debug|x64
		{4C09F543-85EE-4A3F-B37F-1B36BAD0287E}.Debug|x86.ActiveCfg = Debug|Win32
		{4C09F543-85EE-4A3F-B37F-1B36BAD0287E}.Debug|x86.Build.0 = Debug|Win32
		{4C09F543-85EE-4A3F-B37F-1B36BAD0287E}.Release|x64.ActiveCfg = Release|x64
		{4C09F543-85EE-4A3F-B37F-1B36BAD0287E}.Release|x64.Build.0 = Release|x64
		{4C09F543-85EE-4A3F-B37F-1B36BAD0287E}.Release|x86.ActiveCfg = Release|Win32
		{4C09F543-85EE-4A3F-B37F-1B36BAD0287E}.Release|x86.Build.0 = Release|Win32
		{C53CC242-1FA7-4FD4-A8D2-8E40368649A5}.Debug|x64.ActiveCfg = Debug|x64
		{C53CC242-1FA7-4FD4-A8D2-8E40368649A5}.Debug|x64.Build.0 = Debug|x64
		{C53CC242-1FA7-4FD4-A8D2-8E40368649A5}.Debug|x86.ActiveCfg = Debug|Win32
		{C53CC242-1FA7-4FD4-A8D2-8E40368649A5}.Debug|x86.Build.0 = Debug|Win32
		{C53CC242-1FA7-4FD4-A8D2-8E40368649A5}.Release|x64.ActiveCfg = Release|x64
		{C53CC242-1FA7-4FD4-A8D2-8E40368649A5}.Release|x64.Build.0 = Release|x64
		{C53CC242-1FA7-4FD4-A8D2-8E40368649A5}.Release|x86.ActiveCfg = Release|Win32
		{C53CC242-1FA7-4FD4-A8D2-8E40368649A5}.Release|x86.Build.0 = Release|Win32
		{5A264E24-5053-41C7-A628-64F62CF5EB28}.Debug|x64.ActiveCfg = Debug|x64
		{5A264E24-5053-41C7-A628-64F62CF5EB28}.Debug|x64.Build.0 = Debug|x64
		{5A264E24-5053-41C7-A628-64F62CF5EB28}.Debug|x86.ActiveCfg = Debug|Win32
		{5A264E24-5053-41C7-A628-64F62CF5EB28}.Debug|x86.Build.0 = Debug|Win32
		{5A264E24-5053-41C7-A628-64F62CF5EB28}.Release|x64.ActiveCfg = Release|x64
		{5A264E24-5053-41C7-A628-64F62CF5EB28}.Release|x64.Build.0 = Release|x64
		{5A264E24-5053-41C7-A628-64F62CF5EB28}.Release|x86.ActiveCfg = Release|Win32
		{5A264E24-5053-41C7-A628-64F62CF5EB28}.Release|x86.Build.0 = Release|Win32
		{55BCEF9E-AABF-4058-BB69-9190F52361B5}.Debug|x64.ActiveCfg = Debug|x64
		{55BCEF9E-AABF-4058-BB69-9190F52361B5}.Debug|x64.Build.0 = Debug|x64
		{55BCEF9E-AABF-4058-BB69-9190F52361B5}.Debug|x86.ActiveCfg = Debug|Win32
		{55BCEF9E-AABF-4058-BB69-9190F52361B5}.Debug|x86.Build.0 = Debug|Win32
		{55BCEF9E-AABF-4058-BB69-9190F52361B5}.Release|x64.ActiveCfg = Release|x64
		{55BCEF9E-AABF-4058-BB69-9190F52361B5}.Release|x64.Build.0 = Release|x64
		{55BCEF9E-AABF-4058-BB69-9190F52361B5}.Release|x86.ActiveCfg = Release|Win32
		{55BCEF9E-AABF-4058-BB69-9190F52361B5}.Release|x86.Build.0 = Release|Win32
		{01CF161A-331A-4330-A50E-A3C154672B3E}.Debug|x64.ActiveCfg = Debug|x64
		{01CF161A-331A-4330-A50E-A3C154672B3E}.Debug|x64.Build.0 = Debug|x64
		{01CF161A-331A-4330-A50E-A3C154672B3E}.Debug|x86.ActiveCfg = Debug|Win32
		{01CF161A-331A-4330-A50E-A3C154672B3E}.Debug|x86.Build.0 = Debug|Win32
		{01CF161A-331A-4330-A50E-A3C154672B3E}.Release|x64.ActiveCfg = Release|x64
		{01CF161A-331A-4330-A50E-A3C154672B3E}.Release|x64.Build.0 = Release|x64
		{01CF161A-331A-4330-A50E-A3C154672B3E}.Release|x86.ActiveCfg = Release|Win32
		{01CF161A-331A-4330-A50E-A3C154672B3E}.Release|x86.Build.0 = Release|Win32
		{132DA38E-E9C7-409B-8C41-51FAD609808B}.Debug|x64.ActiveCfg = Debug|x64
		{132DA38E-E9C7-409B-8C41-51FAD609808B}.Debug|x64.Build.0 = Debug|x64
		{132DA38E-E9C7-409B-8C41-51FAD609808B}.Debug|x86.ActiveCfg = Debug|Win32
		{132DA38E-E9C7-409B-8C41-51FAD609808B}.Debug|x86.Build.0 = Debug|Win32
		{132DA38E-E9C7-409B-8C41-51FAD609808B}.Release|x64.ActiveCfg = Release|x64
		{132DA38E-E9C7-409B-8C41-51FAD609808B}.Release|x64.Build.0 = Release|x64
		{132DA38E-E9C7-409B-8C41-51FAD609808B}.Release|x86.ActiveCfg = Release|Win32
		{132DA38E-E9C7-409B-8C41-51FAD609808B}.Release|x86.Build.0 = Release|Win32
		{85B89490-150C-4406-BDBF-67A7F6C0F8ED}.Debug|x64.ActiveCfg = Debug|x64
		{85B89490-150C-4406-BDBF-67A7F6C0F8ED}.Debug|x64.Build.0 = Debug|x64
		{85B89490-150C-4406-BDBF-67A7F6C0F8ED}.Debug|x86.ActiveCfg = Debug|Win32
		{85B89490-150C-4406-BDBF-67A7F6C0F8ED}.Debug|x86.Build.0 = Debug|Win32
		{85B89490-150C-4406-BDBF-67A7F6C0F8ED}.Release|x64.ActiveCfg = Release|x64
		{85B89490-150C-4406-BDBF-67A7F6C0F8ED}.Release|x64.Build.0 = Release|x64
		{85B89490-150C-4406-BDBF-67A7F6C0F8ED}.Release|x86.ActiveCfg = Release|Win32
		{85B89490-150C-4406-BDBF-67A7F6C0F8ED}.Release|x86.Build.0 = Release|Win32
		{35EFF139-792D-4EF5-9EA6-C1DD6DEA00AB}.Debug|x64.ActiveCfg = Debug|x64
		{35EFF139-792D-4EF5-9EA6-C1DD6DEA00AB}.Debug|x64.Build.0 = Debug|x64
		{35EFF139-792D-4EF5-9EA6-C1DD6DEA00AB}.Debug|x86.ActiveCfg = Debug|Win32
		{35EFF139-792D-4EF5-9EA6-C1DD6DEA00AB}.Debug|x86.Build.0 = Debug|Win32
		{35EFF139-792D-4EF5-9EA6-C1DD6DEA00AB}.Release|x64.ActiveCfg = Release|x64
		{35EFF139-792D-4EF5-9EA6-C1DD6DEA00AB}.Release|x64.Build.0 = Release|x64
		{35EFF139-792D-4EF5-9EA6-C1DD6DEA00AB}.Release|x86.ActiveCfg = Release|Win32
		{35EFF139-792D-4EF5-9EA6-C1DD6DEA00AB}.Release|x86.Build.0 = Release|Win32
		{460C6497-11A5-49A0-96DB-F191088D3BCE}.Debug|x64.ActiveCfg = Debug|x64
		{460C6497-11A5-49A0-96DB-F191088D3BCE}.Debug|x64.Build.0 = Debug|x64
		{460C6497-11A5-49A0-96DB-F191088D3BCE}.Debug|x86.ActiveCfg = Debug|Win32
		{460C6497-11A5-49A0-96DB-F191088D3BCE}.Debug|x86.Build.0 = Debug|Win32
		{460C6497-11A5-49A0-96DB-F191088D3BCE}.Release|x64.ActiveCfg = Release|x64
		{460C6497-11A5-49A0-96DB-F191088D3BCE}.Release|x64.Build.0 = Release|x64
		{460C6497-11A5-49A0-96DB-F191088D3BCE}.Release|x86.ActiveCfg = Release|Win32
		{460C6497-11A5-49A0-96DB-F191088D3BCE}.Release|x86.Build.0 = Release|Win32
		{4CA0EEED-2ED4-4910-A099-4DB4A6B68C27}.Debug|x64.ActiveCfg = Debug|x64
		{4CA0EEED-2ED4-4910-A099-4DB4A6B68C27}.Debug|x64.Build.0 = Debug|x64
		{4CA0EEED-2ED4-4910-A099-4DB4A6B68C27}.Debug|x86.ActiveCfg = Debug|Win32
		{4CA0EEED-2ED4-4910-A099-4DB4A6B68C27}.Debug|x86.Build.0 = Debug|Win32
		{4CA0EEED-2ED4-4910-A099-4DB4A6B68C27}.Release|x64.ActiveCfg = Release|x64
		{4CA0EEED-2ED4-4910-A099-4DB4A6B68C27}.Release|x64.Build.0 = Release|x64
		{4CA0EEED-2ED4-4910-A099-4DB4A6B68C27}.Release|x86.ActiveCfg = Release|Win32
		{4CA0EEED-2ED4-4910-A099-4DB4A6B68C27}.Release|x86.Build.0 = Release|Win32
		{4EF338D8-5F02-4798-BBEA-826338D95D05}.Debug|x64.ActiveCfg = Debug|x64
		{4EF338D8-5F02-4798-BBEA-826338D95D05}.Debug|x64.Build.0 = Debug|x64
		{4EF338D8-5F02-4798-BBEA-826338D95D05}.Debug|x86.ActiveCfg = Debug|Win32
		{4EF338D8-5F02-4798-BBEA-826338D95D05}.Debug|x86.Build.0 = Debug|Win32
		{4EF338D8-5F02-4798-BBEA-826338D95D05}.Release|x64.ActiveCfg = Release|x64
		{4EF338D8-5F02-4798-BBEA-826338D95D05}.Release|x64.Build.0 = Release|x64
		{4EF338D8-5F02-4798-BBEA-826338D95D05}.Release|x86.ActiveCfg = Release|Win32
		{4EF338D8-5F02-4798-BBEA-826338D95D05}.Release|x86.Build.0 = Release|Win32
		{4B96326F-AE80-4397-8E6F-B7844C7372EC}.Debug|x64.ActiveCfg = Debug|x64
		{4B96326F-AE80-4397-8E6F-B7844C7372EC}.Debug|x64.Build.0 = Debug|x64
		{4B96326F-AE80-4397-8E6F-B7844C7372EC}.Debug|x86.ActiveCfg = Debug|Win32
		{4B96326F-AE80-4397-8E6F-B7844C7372EC}.Debug|x86.Build.0 = Debug|Win32
		{4B96326F-AE80-4397-8E6F-B7844C7372EC}.Release|x64.ActiveCfg = Release|x64
		{4B96326F-AE80-4397-8E6F-B7844C7372EC}.Release|x64.Build.0 = Release|x64
		{4B96326F-AE80-4397-8E6F-B7844C7372EC}.Release|x86.ActiveCfg = Release|Win32
		{4B96326F-AE80-4397-8E6F-B7844C7372EC}.Release|x86.Build.0 = Release|Win32
		{5B0866CE-5CA3-4F04-B05F-193F1C692629}.Debug|x64.ActiveCfg = Debug|x64
		{5B0866CE-5CA3-4F04-B05F-193F1C692629}.Debug|x64.Build.0 = Debug|x64
		{5B0866CE-5CA3-4F04-B05F-193F1C692629}.Debug|x86.ActiveCfg = Debug|Win32
		{5B0866CE-5CA3-4F04-B05F-193F1C692629}.Debug|x86.Build.0 = Debug|Win32
		{5B0866CE-5CA3-4F04-B05F-193F1C692629}.Release|x64.ActiveCfg = Release|x64
		{5B0866CE-5CA3-4F04-B05F-193F1C692629}.Release|x64.Build.0 = Release|x64
		{5B0866CE-5CA3-4F04-B05F-193F1C692629}.Release|x86.ActiveCfg = Release|Win32
		{5B0866CE-5CA3-4F04-B05F-193F1C692629}.Release|x86.Build.0 = Release|Win32
		{4E6ACDB1-BBD8-4C29-B0F0-DDB6B330F7F6}.Debug|x64.ActiveCfg = Debug|x64
		{4E6ACDB1-BBD8-4C29-B0F0-DDB6B330F7F6}.Debug|x64.Build.0 = Debug|x64
		{4E6ACDB1-BBD8-4C29-B0F0-DDB6B330F7F6}.Debug|x86.ActiveCfg = Debug|Win32
		{4E6ACDB1-BBD8-4C29-B0F0-DDB6B330F7F6}.Debug|x86.Build.0 = Debug|Win32
		{4E6ACDB1-BBD8-4C29-B0F0-DDB6B330F7F6}.Release|x64.ActiveCfg = Release|x64
		{4E6ACDB1-BBD8-4C29-B0F0-DDB6B330F7F6}.Release|x64.Build.0 = Release|x64
		{4E6ACDB1-BBD8-4C29-B0F0-DDB6B330F7F6}.Release|x86.ActiveCfg = Release|Win32
		{4E6ACDB1-BBD8-4C29-B0F0-DDB6B330F7F6}.Release|x86.Build.0 = Release|Win32
		{27BBF6A9-4C9F-47FA-99ED-9368FC1ED775}.Debug|x64.ActiveCfg = Debug|x64
		{27BBF6A9-4C9F-47FA-99ED-9368FC1ED775}.Debug|x64.Build.0 = Debug|x64
		{27BBF6A9-4C9F-47FA-99ED-9368FC1ED775}.Debug|x86.ActiveCfg = Debug|Win32
		{27BBF6A9-4C9F-47FA-99ED-9368FC1ED775}.Debug|x86.Build.0 = Debug|Win32
		{27BBF6A9-4C9F-47FA-99ED-9368FC1ED775}.Release|x64.ActiveCfg = Release|x64
		{27BBF6A9-4C9F-47FA-99ED-9368FC1ED775}.Release|x64.Build.0 = Release|x64
		{27BBF6A9-4C9F-47FA-99ED-9368FC1ED775}.Release|x86.ActiveCfg = Release|Win32
		{27BBF6A9-4C9F-47FA-99ED-9368FC1ED775}.Release|x86.Build.0 = Release|Win32
		{9C5F43C6-2174-4770-9591-299159B6C2C5}.Debug|x64.ActiveCfg = Debug|x64
		{9C5F43C6-2174-4770-9591-299159B6C2C5}.Debug|x64.Build.0 = Debug|x64
		{9C5F43C6-2174-4770-9591-299159B6C2C5}.Debug|x86.ActiveCfg = Debug|Win32
		{9C5F43C6-2174-4770-9591-299159B6C2C5}.Debug|x86.Build.0 = Debug|Win32
		{9C5F43C6-2174-4770-9591-299159B6C2C5}.Release|x64.ActiveCfg = Release|x64
		{9C5F43C6-2174-4770-9591-299159B6C2C5}.Release|x64.Build.0 = Release|x64
		{9C5F43C6-2174-4770-9591-299159B6C2C5}.Release|x86.ActiveCfg = Release|Win32
		{9C5F43C6-2174-4770-9591-299159B6C2C5}.Release|x86.Build.0 = Release|Win32
		{C0781ADD-69E8-441C-8FB5-9FD902C4B7B2}.Debug|x64.ActiveCfg = Debug|x64
		{C0781ADD-69E8-441C-8FB5-9FD902C4B7B2}.Debug|x64.Build.0 = Debug|x64
		{C0781ADD-69E8-441C-8FB5-9FD902C4B7B2}.Debug|x86.ActiveCfg = Debug|Win32
		{C0781ADD-69E8-441C-8FB5-9FD902C4B7B2}.Debug|x86.Build.0 = Debug|Win32
		{C0781ADD-69E8-441C-8FB5-9FD902C4B7B2}.Release|x64.ActiveCfg = Release|x64
		{C0781ADD-69E8-441C-8FB5-9FD902C4B7B2}.Release|x64.Build.0 = Release|x64
		{C0781ADD-69E8-441C-8FB5-9FD902C4B7B2}.Release|x86.ActiveCfg = Release|Win32
		{C0781ADD-69E8-441C-8FB5-9FD902C4B7B2}.Release|x86.Build.0 = Release|Win32
		{DAE32E49-D5F9-4BAA-86C9-6DBED6412460}.Debug|x64.ActiveCfg = Debug|x64
		{DAE32E49-D5F9-4BAA-86C9-6DBED6412460}.Debug|x64.Build.0 = Debug|x64
		{DAE32E49-D5F9-4BAA-86C9-6DBED6412460}.Debug|x86.ActiveCfg = Debug|Win32
		{DAE32E49-D5F9-4BAA-86C9-6DBED6412460}.Debug|x86.Build.0 = Debug|Win32
		{DAE32E49-D5F9-4BAA-86C9-6DBED6412460}.Release|x64.ActiveCfg = Release|x64
		{DAE32E49-D5F9-4BAA-86C9-6DBED6412460}.Release|x64.Build.0 = Release|x64
		{DAE32E49-D5F9-4BAA-86C9-6DBED6412460}.Release|x86.ActiveCfg = Release|Win32
		{DAE32E49-D5F9-4BAA-86C9-6DBED6412460}.Release|x86.Build.0 = Release|Win32
		{ACBB1866-7F81-4DB3-9B12-AFF3DD302715}.Debug|x64.ActiveCfg = Debug|x64
		{ACBB1866-7F81-4DB3-9B12-AFF3DD302715}.Debug|x64.Build.0 = Debug|x64
		{ACBB1866-7F81-4DB3-9B12-AFF3DD302715}.Debug|x86.ActiveCfg = Debug|Win32
		{ACBB1866-7F81-4DB3-9B12-AFF3DD302715}.Debug|x86.Build.0 = Debug|Win32
		{ACBB1866-7F81-4DB3-9B12-AFF3DD302715}.Release|x64.ActiveCfg = Release|x64
		{ACBB1866-7F81-4DB3-9B12-AFF3DD302715}.Release|x64.Build.0 = Release|x64
		{ACBB1866-7F81-4DB3-9B12-AFF3DD302715}.Release|x86.ActiveCfg = Release|Win32
		{ACBB1866-7F81-4DB3-9B12-AFF3DD302715}.Release|x86.Build.0 = Release|Win32
		{18704FEF-AFA7-4CD0-8D42-309D0C50B6B0}.Debug|x64.ActiveCfg = Debug|x64
		{18704FEF-AFA7-4CD0-8D42-309D0C50B6B0}.Debug|x64.Build.0 = Debug|x64
		{18704FEF-AFA7-4CD0-8D42-309D0C50B6B0}.Debug|x86.ActiveCfg = Debug|Win32
		{18704FEF-AFA7-4CD0-8D42-309D0C50B6B0}.Debug|x86.Build.0 = Debug|Win32
		{18704FEF-AFA7-4CD0-8D42-309D0C50B6B0}.Release|x64.ActiveCfg = Release|x64
		{18704FEF-AFA7-4CD0-8D42-309D0C50B6B0}.Release|x64.Build.0 = Release|x64
		{18704FEF-AFA7-4CD0-8D42-309D0C50B6B0}.Release|x86.ActiveCfg = Release|Win32
		{18704FEF-AFA7-4CD0-8D42-309D0C50B6B0}.Release|x86.Build.0 = Release|Win32
		{855068B7-9DA8-442B-92E4-D0003A5E6F97}.Debug|x64.ActiveCfg = Debug|x64
		{855068B7-9DA8-442B-92E4-D0003A5E6F97}.Debug|x64.Build.0 = Debug|x64
		{855068B7-9DA8-442B-92E4-D0003A5E6F97}.Debug|x86.ActiveCfg = Debug|Win32
		{855068B7-9DA8-442B-92E4-D0003A5E6F97}.Debug|x86.Build.0 = Debug|Win32
		{855068B7-9DA8-442B-92E4-D0003A5E6F97}.Release|x64.ActiveCfg = Release|x64
		{855068B7-9DA8-442B-92E4-D0003A5E6F97}.Release|x64.Build.0 = Release|x64
		{855068B7-9DA8-442B-92E4-D0003A5E6F97}.Release|x86.ActiveCfg = Release|Win32
		{855068B7-9DA8-442B-92E4-D0003A5E6F97}.Release|x86.Build.0 = Release|Win32
		{27D826B0-F578-4280-B219-6D55A7E6C573}.Debug|x64.ActiveCfg = Debug|x64
		{27D826B0-F578-4280-B219-6D55A7E6C573}.Debug|x64.Build.0 = Debug|x64
		{27D826B0-F578-4280-B219-6D55A7E6C573}.Debug|x86.ActiveCfg = Debug|Win32
		{27D826B0-F578-4280-B219-6D55A7E6C573}.Debug|x86.Build.0 = Debug|Win32
		{27D826B0-F578-4280-B219-6D55A7E6C573}.Release|x64.ActiveCfg = Release|x64
		{27D826B0-F578-4280-B219-6D55A7E6C573}.Release|x64.Build.0 = Release|x64
		{27D826B0-F578-4280-B219-6D55A7E6C573}.Release|x86.ActiveCfg = Release|Win32
		{27D826B0-F578-4280-B219-6D55A7E6C573}.Release|x86.Build.0 = Release|Win32
		{58DF62A8-E7FC-47B1-9487-E1CC223C8F2E}.Debug|x64.ActiveCfg = Debug|x64
		{58DF62A8-E7FC-47B1-9487-E1CC223C8F2E}.Debug|x64.Build.0 = Debug|x64
		{58DF62A8-E7FC-47B1-9487-E1CC223C8F2E}.Debug|x86.ActiveCfg = Debug|Win32
		{58DF62A8-E7FC-47B1-9487-E1CC223C8F2E}.Debug|x86.Build.0 = Debug|Win32
		{58DF62A8-E7FC-47B1-9487-E1CC223C8F2E}.Release|x64.ActiveCfg = Release|x64
		{58DF62A8-E7FC-47B1-9487-E1CC223C8F2E}.Release|x64.Build.0 = Release|x64
		{58DF62A8-E7FC-47B1-9487-E1CC223C8F2E}.Release|x86.ActiveCfg = Release|Win32
		{58DF62A8-E7FC-47B1-9487-E1CC223C8F2E}.Release|x86.Build.0 = Release|Win32
		{442DF1AC-5E46-47F2-997A-C9F8BD7FB3C6}.Debug|x64.ActiveCfg = Debug|x64
		{442DF1AC-5E46-47F2-997A-C9F8BD7FB3C6}.Debug|x64.Build.0 = Debug|x64
		{442DF1AC-5E46-47F2-997A-C9F8BD7FB3C6}.Debug|x86.ActiveCfg = Debug|Win32
		{442DF1AC-5E46-47F2-997A-C9F8BD7FB3C6}.Debug|x86.Build.0 = Debug|Win32
		{442DF1AC-5E46-47F2-997A-C9F8BD7FB3C6}.Release|x64.ActiveCfg = Release|x64
		{442DF1AC-5E46-47F2-997A-C9F8BD7FB3C6}.Release|x64.Build.0 = Release|x64
		{442DF1AC-5E46-47F2-997A-C9F8BD7FB3C6}.Release|x86.ActiveCfg = Release|Win32
		{442DF1AC-5E46-47F2-997A-C9F8BD7FB3C6}.Release|x86.Build.0 = Release|Win32
		{2541A05B-8527-4CF0-94ED-811D5D42B53D}.Debug|x64.ActiveCfg = Debug|x64
		{2541A05B-8527-4CF0-94ED-811D5D42B53D}.Debug|x64.Build.0 = Debug|x64
		{2541A05B-8527-4CF0-94ED-811D5D42B53D}.Debug|x86.ActiveCfg = Debug|Win32
		{2541A05B-8527-4CF0-94ED-811D5D42B53D}.Debug|x86.Build.0 = Debug|Win32
		{2541A05B-8527-4CF0-94ED-811D5D42B53D}.Release|x64.ActiveCfg = Release|x64
		{2541A05B-8527-4CF0-94ED-811D5D42B53D}.Release|x64.Build.0 = Release|x64
		{2541A05B-8527-4CF0-94ED-811D5D42B53D}.Release|x86.ActiveCfg = Release|Win32
		{2541A05B-8527-4CF0-94ED-811D5D42B53D}.Release|x86.Build.0 = Release|Win32
		{68207371-458A-4997-A24B-FEEF47432E34}.Debug|x64.ActiveCfg = Debug|x64
		{68207371-458A-4997-A24B-FEEF47432E34}.Debug|x64.Build.0 = Debug|x64
		{68207371-458A-4997-A24B-FEEF47432E34}.Debug|x86.ActiveCfg = Debug|Win32
		{68207371-458A-4997-A24B-FEEF47432E34}.Debug|x86.Build.0 = Debug|Win32
		{68207371-458A-4997-A24B-FEEF47432E34}.Release|x64.ActiveCfg = Release|x64
		{68207371-458A-4997-A24B-FEEF47432E34}.Release|x64.Build.0 = Release|x64
		{68207371-458A-4997-A24B-FEEF47432E34}.Release|x86.ActiveCfg = Release|Win32
		{68207371-458A-4997-A24B-FEEF47432E34}.Release|x86.Build.0 = Release|Win32
		{6FA39591-E7EE-45F6-8FFF-CA422B13FBF4}.Debug|x64.ActiveCfg = Debug|x64
		{6FA39591-E7EE-45F6-8FFF-CA422B13FBF4}.Debug|x64.Build.0 = Debug|x64
		{6FA39591-E7EE-45F6-8FFF-CA422B13FBF4}.Debug|x86.ActiveCfg = Debug|Win32
		{6FA39591-E7EE-45F6-8FFF-CA422B13FBF4}.Debug|x86.Build.0 = Debug|Win32
		{6FA39591-E7EE-45F6-8FFF-CA422B13FBF4}.Release|x64.ActiveCfg = Release|x64
		{6FA39591-E7EE-45F6-8FFF-CA422B13FBF4}.Release|x64.Build.0 = Release|x64
		{6FA39591-E7EE-45F6-8FFF-CA422B13FBF4}.Release|x86.ActiveCfg = Release|Win32
		{6FA39591-E7EE-45F6-8FFF-CA422B13FBF4}.Release|x86.Build.0 = Release|Win32
		{427EE84D-ECB8-4060-B216-D030D1403DEA}.Debug|x64.ActiveCfg = Debug|x64
		{427EE84D-ECB8-4060-B216-D030D1403DEA}.Debug|x64.Build.0 = Debug|x64
		{427EE84D-ECB8-4060-B216-D030D1403DEA}.Debug|x86.ActiveCfg = Debug|Win32
		{427EE84D-ECB8-4060-B216-D030D1403DEA}.Debug|x86.Build.0 = Debug|Win32
		{427EE84D-ECB8-4060-B216-D030D1403DEA}.Release|x64.ActiveCfg = Release|x64
		{427EE84D-ECB8-4060-B216-D030D1403DEA}.Release|x64.Build.0 = Release|x64
		{427EE84D-ECB8-4060-B216-D030D1403DEA}.Release|x86.ActiveCfg = Release|Win32
		{427EE84D-ECB8-4060-B216-D030D1403DEA}.Release|x86.Build.0 = Release|Win32
		{5BD8ECE5-7FDF-4A9F-9733-2BE5A0EB9B27}.Debug|x64.ActiveCfg = Debug|x64
		{5BD8ECE5-7FDF-4A9F-9733-2BE5A0EB9B27}.Debug|x64.Build.0 = Debug|x64
		{5BD8ECE5-7FDF-4A9F-9733-2BE5A0EB9B27}.Debug|x86.ActiveCfg = Debug|Win32
		{5BD8ECE5-7FDF-4A9F-9733-2BE5A0EB9B27}.Debug|x86.Build.0 = Debug|Win32
		{5BD8ECE5-7FDF-4A9F-9733-2BE5A0EB9B27}.Release|x64.ActiveCfg = Release|x64
		{5BD8ECE5-7FDF-4A9F-9733-2BE5A0EB9B27}.Release|x64.Build.0 = Release|x64
		{5BD8ECE5-7FDF-4A9F-9733-2BE5A0EB9B27}.Release|x86.ActiveCfg = Release|Win32
		{5BD8ECE5-7FDF-4A9F-9733-2BE5A0EB9B27}.Release|x86.Build.0 = Release|Win32
		{E5D2BD9C-E6A5-4280-982D-6952B1B47AA6}.Debug|x64.ActiveCfg = Debug|x64
		{E5D2BD9C-E6A5-4280-982D-6952B1B47AA6}.Debug|x64.Build.0 = Debug|x64
		{E5D2BD9C-E6A5-4280-982D-6952B1B47AA6}.Debug|x86.ActiveCfg = Debug|Win32
		{E5D2BD9C-E6A5-4280-982D-6952B1B47AA6}.Debug|x86.Build.0 = Debug|Win32
		{E5D2BD9C-E6A5-4280-982D-6952B1B47AA6}.Release|x64.ActiveCfg = Release|x64
		{E5D2BD9C-E6A5-4280-982D-6952B1B47AA6}.Release|x64.Build.0 = Release|x64
		{E5D2BD9C-E6A5-4280-982D-6952B1B47AA6}.Release|x86.ActiveCfg = Release|Win32
		{E5D2BD9C-E6A5-4280-982D-6952B1B47AA6}.Release|x86.Build.0 = Release|Win32
		{4AB58568-D4A6-4176-9F63-03216C12562D}.Debug|x64.ActiveCfg = Debug|x64
		{4AB58568-D4A6-4176-9F63-03216C12562D}.Debug|x64.Build.0 = Debug|x64
		{4AB58568-D4A6-4176-9F63-03216C12562D}.Debug|x86.ActiveCfg = Debug|Win32
		{4AB58568-D4A6-4176-9F63-03216C12562D}.Debug|x86.Build.0 = Debug|Win32
		{4AB58568-D4A6-4176-9F63-03216C12562D}.Release|x64.ActiveCfg = Release|x64
		{4AB58568-D4A6-4176-9F63-03216C12562D}.Release|x64.Build.0 = Release|x64
		{4AB58568-D4A6-4176-9F63-03216C12562D}.Release|x86.ActiveCfg = Release|Win32
		{4AB58568-D4A6-4176-9F63-03216C12562D}.Release|x86.Build.0 = Release|Win32
		{1FDD4E40-3BD0-4AB9-A407-09023B8F0F3F}.Debug|x64.ActiveCfg = Debug|x64
		{1FDD4E40-3BD0-4AB9-A407-09023B8F0F3F}.Debug|x64.Build.0 = Debug|x64
		{1FDD4E40-3BD0-4AB9-A407-09023B8F0F3F}.Debug|x86.ActiveCfg = Debug|Win32
		{1FDD4E40-3BD0-4AB9-A407-09023B8F0F3F}.Debug|x86.Build.0 = Debug|Win32
		{1FDD4E40-3BD0-4AB9-A407-09023B8F0F3F}.Release|x64.ActiveCfg = Release|x64
		{1FDD4E40-3BD0-4AB9-A407-09023B8F0F3F}.Release|x64.Build.0 = Release|x64
		{1FDD4E40-3BD0-4AB9-A407-09023B8F0F3F}.Release|x86.ActiveCfg = Release|Win32
		{1FDD4E40-3BD0-4AB9-A407-09023B8F0F3F}.Release|x86.Build.0 = Release|Win32
		{31EBC795-3381-4498-9E1B-B1C07905F23B}.Debug|x64.ActiveCfg = Debug|x64
		{31EBC795-3381-4498-9E1B-B1C07905F23B}.Debug|x64.Build.0 = Debug|x64
		{31EBC795-3381-4498-9E1B-B1C07905F23B}.Debug|x86.ActiveCfg = Debug|Win32
		{31EBC795-3381-4498-9E1B-B1C07905F23B}.Debug|x86.Build.0 = Debug|Win32
		{31EBC795-3381-4498-9E1B-B1C07905F23B}.Release|x64.ActiveCfg = Release|x64
		{31EBC795-3381-4498-9E1B-B1C07905F23B}.Release|x64.Build.0 = Release|x64
		{31EBC795-3381-4498-9E1B-B1C07905F23B}.Release|x86.ActiveCfg = Release|Win32
		{31EBC795-3381-4498-9E1B-B1C07905F23B}.Release|x86.Build.0 = Release|Win32
	EndGlobalSection
	GlobalSection(SolutionProperties) = preSolution
		HideSolutionNode = FALSE
	EndGlobalSection
	GlobalSection(ExtensibilityGlobals) = postSolution
		SolutionGuid = {B6824FF9-45C5-4EFF-86E5-BBC485EA5689}
	EndGlobalSection
EndGlobal
